// !$*UTF8*$!
{
	archiveVersion = 1;
	classes = {
	};
	objectVersion = 46;
	objects = {

/* Begin PBXBuildFile section */
		C309FC6A1C7F995C00161DC7 /* Application.swift in Sources */ = {isa = PBXBuildFile; fileRef = C309FC3B1C7F995B00161DC7 /* Application.swift */; };
		C309FC6B1C7F995C00161DC7 /* Application.swift in Sources */ = {isa = PBXBuildFile; fileRef = C309FC3B1C7F995B00161DC7 /* Application.swift */; };
		C309FC6C1C7F995C00161DC7 /* Provider.swift in Sources */ = {isa = PBXBuildFile; fileRef = C309FC3C1C7F995B00161DC7 /* Provider.swift */; };
		C309FC6D1C7F995C00161DC7 /* Provider.swift in Sources */ = {isa = PBXBuildFile; fileRef = C309FC3C1C7F995B00161DC7 /* Provider.swift */; };
		C309FC6E1C7F995C00161DC7 /* LinuxFixes.swift in Sources */ = {isa = PBXBuildFile; fileRef = C309FC3E1C7F995B00161DC7 /* LinuxFixes.swift */; };
		C309FC6F1C7F995C00161DC7 /* LinuxFixes.swift in Sources */ = {isa = PBXBuildFile; fileRef = C309FC3E1C7F995B00161DC7 /* LinuxFixes.swift */; };
		C309FC701C7F995C00161DC7 /* StringExtensions.swift in Sources */ = {isa = PBXBuildFile; fileRef = C309FC3F1C7F995B00161DC7 /* StringExtensions.swift */; };
		C309FC711C7F995C00161DC7 /* StringExtensions.swift in Sources */ = {isa = PBXBuildFile; fileRef = C309FC3F1C7F995B00161DC7 /* StringExtensions.swift */; };
		C309FC721C7F995C00161DC7 /* CryptoSwift.swift in Sources */ = {isa = PBXBuildFile; fileRef = C309FC411C7F995B00161DC7 /* CryptoSwift.swift */; };
		C309FC731C7F995C00161DC7 /* CryptoSwift.swift in Sources */ = {isa = PBXBuildFile; fileRef = C309FC411C7F995B00161DC7 /* CryptoSwift.swift */; };
		C309FC741C7F995C00161DC7 /* Hash.swift in Sources */ = {isa = PBXBuildFile; fileRef = C309FC421C7F995B00161DC7 /* Hash.swift */; };
		C309FC751C7F995C00161DC7 /* Hash.swift in Sources */ = {isa = PBXBuildFile; fileRef = C309FC421C7F995B00161DC7 /* Hash.swift */; };
		C309FC761C7F995C00161DC7 /* Int+Random.swift in Sources */ = {isa = PBXBuildFile; fileRef = C309FC431C7F995B00161DC7 /* Int+Random.swift */; };
		C309FC771C7F995C00161DC7 /* Int+Random.swift in Sources */ = {isa = PBXBuildFile; fileRef = C309FC431C7F995B00161DC7 /* Int+Random.swift */; };
		C309FC781C7F995C00161DC7 /* SHA256Hasher.swift in Sources */ = {isa = PBXBuildFile; fileRef = C309FC441C7F995B00161DC7 /* SHA256Hasher.swift */; };
		C309FC791C7F995C00161DC7 /* SHA256Hasher.swift in Sources */ = {isa = PBXBuildFile; fileRef = C309FC441C7F995B00161DC7 /* SHA256Hasher.swift */; };
		C309FC7A1C7F995C00161DC7 /* JSONSerializer.swift in Sources */ = {isa = PBXBuildFile; fileRef = C309FC461C7F995B00161DC7 /* JSONSerializer.swift */; };
		C309FC7B1C7F995C00161DC7 /* JSONSerializer.swift in Sources */ = {isa = PBXBuildFile; fileRef = C309FC461C7F995B00161DC7 /* JSONSerializer.swift */; };
		C309FC7C1C7F995C00161DC7 /* Vapor+JSON.swift in Sources */ = {isa = PBXBuildFile; fileRef = C309FC471C7F995B00161DC7 /* Vapor+JSON.swift */; };
		C309FC7D1C7F995C00161DC7 /* Vapor+JSON.swift in Sources */ = {isa = PBXBuildFile; fileRef = C309FC471C7F995B00161DC7 /* Vapor+JSON.swift */; };
		C309FC7E1C7F995C00161DC7 /* Log.swift in Sources */ = {isa = PBXBuildFile; fileRef = C309FC491C7F995B00161DC7 /* Log.swift */; };
		C309FC7F1C7F995C00161DC7 /* Log.swift in Sources */ = {isa = PBXBuildFile; fileRef = C309FC491C7F995B00161DC7 /* Log.swift */; };
		C309FC801C7F995C00161DC7 /* LogDriver.swift in Sources */ = {isa = PBXBuildFile; fileRef = C309FC4A1C7F995B00161DC7 /* LogDriver.swift */; };
		C309FC811C7F995C00161DC7 /* LogDriver.swift in Sources */ = {isa = PBXBuildFile; fileRef = C309FC4A1C7F995B00161DC7 /* LogDriver.swift */; };
		C309FC821C7F995C00161DC7 /* Middleware.swift in Sources */ = {isa = PBXBuildFile; fileRef = C309FC4C1C7F995B00161DC7 /* Middleware.swift */; };
		C309FC831C7F995C00161DC7 /* Middleware.swift in Sources */ = {isa = PBXBuildFile; fileRef = C309FC4C1C7F995B00161DC7 /* Middleware.swift */; };
		C309FC841C7F995C00161DC7 /* Request.swift in Sources */ = {isa = PBXBuildFile; fileRef = C309FC4E1C7F995B00161DC7 /* Request.swift */; };
		C309FC851C7F995C00161DC7 /* Request.swift in Sources */ = {isa = PBXBuildFile; fileRef = C309FC4E1C7F995B00161DC7 /* Request.swift */; };
		C309FC861C7F995C00161DC7 /* RequestData+Target.swift in Sources */ = {isa = PBXBuildFile; fileRef = C309FC4F1C7F995B00161DC7 /* RequestData+Target.swift */; };
		C309FC871C7F995C00161DC7 /* RequestData+Target.swift in Sources */ = {isa = PBXBuildFile; fileRef = C309FC4F1C7F995B00161DC7 /* RequestData+Target.swift */; };
		C309FC881C7F995C00161DC7 /* RequestFormExtension.swift in Sources */ = {isa = PBXBuildFile; fileRef = C309FC501C7F995B00161DC7 /* RequestFormExtension.swift */; };
		C309FC891C7F995C00161DC7 /* RequestFormExtension.swift in Sources */ = {isa = PBXBuildFile; fileRef = C309FC501C7F995B00161DC7 /* RequestFormExtension.swift */; };
		C309FC8A1C7F995C00161DC7 /* Response.swift in Sources */ = {isa = PBXBuildFile; fileRef = C309FC521C7F995B00161DC7 /* Response.swift */; };
		C309FC8B1C7F995C00161DC7 /* Response.swift in Sources */ = {isa = PBXBuildFile; fileRef = C309FC521C7F995B00161DC7 /* Response.swift */; };
		C309FC8C1C7F995C00161DC7 /* ResponseConvertible.swift in Sources */ = {isa = PBXBuildFile; fileRef = C309FC531C7F995B00161DC7 /* ResponseConvertible.swift */; };
		C309FC8D1C7F995C00161DC7 /* ResponseConvertible.swift in Sources */ = {isa = PBXBuildFile; fileRef = C309FC531C7F995B00161DC7 /* ResponseConvertible.swift */; };
		C309FC8E1C7F995C00161DC7 /* Branch.swift in Sources */ = {isa = PBXBuildFile; fileRef = C309FC551C7F995B00161DC7 /* Branch.swift */; };
		C309FC8F1C7F995C00161DC7 /* Branch.swift in Sources */ = {isa = PBXBuildFile; fileRef = C309FC551C7F995B00161DC7 /* Branch.swift */; };
		C309FC901C7F995C00161DC7 /* BranchRouter.swift in Sources */ = {isa = PBXBuildFile; fileRef = C309FC561C7F995B00161DC7 /* BranchRouter.swift */; };
		C309FC911C7F995C00161DC7 /* BranchRouter.swift in Sources */ = {isa = PBXBuildFile; fileRef = C309FC561C7F995B00161DC7 /* BranchRouter.swift */; };
		C309FC921C7F995C00161DC7 /* RouterDriver.swift in Sources */ = {isa = PBXBuildFile; fileRef = C309FC571C7F995B00161DC7 /* RouterDriver.swift */; };
		C309FC931C7F995C00161DC7 /* RouterDriver.swift in Sources */ = {isa = PBXBuildFile; fileRef = C309FC571C7F995B00161DC7 /* RouterDriver.swift */; };
		C309FC941C7F995C00161DC7 /* Application+Route.swift in Sources */ = {isa = PBXBuildFile; fileRef = C309FC591C7F995B00161DC7 /* Application+Route.swift */; };
		C309FC951C7F995C00161DC7 /* Application+Route.swift in Sources */ = {isa = PBXBuildFile; fileRef = C309FC591C7F995B00161DC7 /* Application+Route.swift */; };
		C309FC961C7F995C00161DC7 /* Controller.swift in Sources */ = {isa = PBXBuildFile; fileRef = C309FC5A1C7F995B00161DC7 /* Controller.swift */; };
		C309FC971C7F995C00161DC7 /* Controller.swift in Sources */ = {isa = PBXBuildFile; fileRef = C309FC5A1C7F995B00161DC7 /* Controller.swift */; };
		C309FC981C7F995C00161DC7 /* Route.swift in Sources */ = {isa = PBXBuildFile; fileRef = C309FC5B1C7F995B00161DC7 /* Route.swift */; };
		C309FC991C7F995C00161DC7 /* Route.swift in Sources */ = {isa = PBXBuildFile; fileRef = C309FC5B1C7F995B00161DC7 /* Route.swift */; };
		C309FC9A1C7F995C00161DC7 /* ServerDriver.swift in Sources */ = {isa = PBXBuildFile; fileRef = C309FC5D1C7F995C00161DC7 /* ServerDriver.swift */; };
		C309FC9B1C7F995C00161DC7 /* ServerDriver.swift in Sources */ = {isa = PBXBuildFile; fileRef = C309FC5D1C7F995C00161DC7 /* ServerDriver.swift */; };
		C309FC9C1C7F995C00161DC7 /* Socket.swift in Sources */ = {isa = PBXBuildFile; fileRef = C309FC5E1C7F995C00161DC7 /* Socket.swift */; };
		C309FC9D1C7F995C00161DC7 /* Socket.swift in Sources */ = {isa = PBXBuildFile; fileRef = C309FC5E1C7F995C00161DC7 /* Socket.swift */; };
		C309FC9E1C7F995C00161DC7 /* SocketParser.swift in Sources */ = {isa = PBXBuildFile; fileRef = C309FC5F1C7F995C00161DC7 /* SocketParser.swift */; };
		C309FC9F1C7F995C00161DC7 /* SocketParser.swift in Sources */ = {isa = PBXBuildFile; fileRef = C309FC5F1C7F995C00161DC7 /* SocketParser.swift */; };
		C309FCA01C7F995C00161DC7 /* SocketServer.swift in Sources */ = {isa = PBXBuildFile; fileRef = C309FC601C7F995C00161DC7 /* SocketServer.swift */; };
		C309FCA11C7F995C00161DC7 /* SocketServer.swift in Sources */ = {isa = PBXBuildFile; fileRef = C309FC601C7F995C00161DC7 /* SocketServer.swift */; };
		C309FCA21C7F995C00161DC7 /* MemorySessionDriver.swift in Sources */ = {isa = PBXBuildFile; fileRef = C309FC621C7F995C00161DC7 /* MemorySessionDriver.swift */; };
		C309FCA31C7F995C00161DC7 /* MemorySessionDriver.swift in Sources */ = {isa = PBXBuildFile; fileRef = C309FC621C7F995C00161DC7 /* MemorySessionDriver.swift */; };
		C309FCA41C7F995C00161DC7 /* Session.swift in Sources */ = {isa = PBXBuildFile; fileRef = C309FC631C7F995C00161DC7 /* Session.swift */; };
		C309FCA51C7F995C00161DC7 /* Session.swift in Sources */ = {isa = PBXBuildFile; fileRef = C309FC631C7F995C00161DC7 /* Session.swift */; };
		C309FCA61C7F995C00161DC7 /* SessionMiddleware.swift in Sources */ = {isa = PBXBuildFile; fileRef = C309FC641C7F995C00161DC7 /* SessionMiddleware.swift */; };
		C309FCA71C7F995C00161DC7 /* SessionMiddleware.swift in Sources */ = {isa = PBXBuildFile; fileRef = C309FC641C7F995C00161DC7 /* SessionMiddleware.swift */; };
		C309FCA81C7F995C00161DC7 /* RenderDriver.swift in Sources */ = {isa = PBXBuildFile; fileRef = C309FC661C7F995C00161DC7 /* RenderDriver.swift */; };
		C309FCA91C7F995C00161DC7 /* RenderDriver.swift in Sources */ = {isa = PBXBuildFile; fileRef = C309FC661C7F995C00161DC7 /* RenderDriver.swift */; };
		C309FCAA1C7F995C00161DC7 /* View.swift in Sources */ = {isa = PBXBuildFile; fileRef = C309FC671C7F995C00161DC7 /* View.swift */; };
		C309FCAB1C7F995C00161DC7 /* View.swift in Sources */ = {isa = PBXBuildFile; fileRef = C309FC671C7F995C00161DC7 /* View.swift */; };
		C336FF631C7FA0AE00C8F9B7 /* ControllerTests.swift in Sources */ = {isa = PBXBuildFile; fileRef = C336FF5B1C7FA0AE00C8F9B7 /* ControllerTests.swift */; };
		C336FF641C7FA0AE00C8F9B7 /* HashTests.swift in Sources */ = {isa = PBXBuildFile; fileRef = C336FF5C1C7FA0AE00C8F9B7 /* HashTests.swift */; };
		C336FF651C7FA0AE00C8F9B7 /* LogTests.swift in Sources */ = {isa = PBXBuildFile; fileRef = C336FF5D1C7FA0AE00C8F9B7 /* LogTests.swift */; };
		C336FF671C7FA0AE00C8F9B7 /* ResponseTests.swift in Sources */ = {isa = PBXBuildFile; fileRef = C336FF5F1C7FA0AE00C8F9B7 /* ResponseTests.swift */; };
		C336FF681C7FA0AE00C8F9B7 /* RouterTests.swift in Sources */ = {isa = PBXBuildFile; fileRef = C336FF601C7FA0AE00C8F9B7 /* RouterTests.swift */; };
		C336FF691C7FA0AE00C8F9B7 /* RouteTests.swift in Sources */ = {isa = PBXBuildFile; fileRef = C336FF611C7FA0AE00C8F9B7 /* RouteTests.swift */; };
		C336FF6B1C7FA17400C8F9B7 /* main.swift in Sources */ = {isa = PBXBuildFile; fileRef = C336FF6A1C7FA17400C8F9B7 /* main.swift */; };
		C336FF6C1C7FA17400C8F9B7 /* main.swift in Sources */ = {isa = PBXBuildFile; fileRef = C336FF6A1C7FA17400C8F9B7 /* main.swift */; };
/* End PBXBuildFile section */

/* Begin PBXCopyFilesBuildPhase section */
		C352E67F1C62BB0F00E26467 /* CopyFiles */ = {
			isa = PBXCopyFilesBuildPhase;
			buildActionMask = 2147483647;
			dstPath = /usr/share/man/man1/;
			dstSubfolderSpec = 0;
			files = (
			);
			runOnlyForDeploymentPostprocessing = 1;
		};
/* End PBXCopyFilesBuildPhase section */

/* Begin PBXFileReference section */
		C304C8A01C62C3F400058C92 /* .travis.yml */ = {isa = PBXFileReference; lastKnownFileType = text; path = .travis.yml; sourceTree = "<group>"; };
		C309FC3B1C7F995B00161DC7 /* Application.swift */ = {isa = PBXFileReference; fileEncoding = 4; lastKnownFileType = sourcecode.swift; path = Application.swift; sourceTree = "<group>"; };
		C309FC3C1C7F995B00161DC7 /* Provider.swift */ = {isa = PBXFileReference; fileEncoding = 4; lastKnownFileType = sourcecode.swift; path = Provider.swift; sourceTree = "<group>"; };
		C309FC3E1C7F995B00161DC7 /* LinuxFixes.swift */ = {isa = PBXFileReference; fileEncoding = 4; lastKnownFileType = sourcecode.swift; path = LinuxFixes.swift; sourceTree = "<group>"; };
		C309FC3F1C7F995B00161DC7 /* StringExtensions.swift */ = {isa = PBXFileReference; fileEncoding = 4; lastKnownFileType = sourcecode.swift; path = StringExtensions.swift; sourceTree = "<group>"; };
		C309FC411C7F995B00161DC7 /* CryptoSwift.swift */ = {isa = PBXFileReference; fileEncoding = 4; lastKnownFileType = sourcecode.swift; path = CryptoSwift.swift; sourceTree = "<group>"; };
		C309FC421C7F995B00161DC7 /* Hash.swift */ = {isa = PBXFileReference; fileEncoding = 4; lastKnownFileType = sourcecode.swift; path = Hash.swift; sourceTree = "<group>"; };
		C309FC431C7F995B00161DC7 /* Int+Random.swift */ = {isa = PBXFileReference; fileEncoding = 4; lastKnownFileType = sourcecode.swift; path = "Int+Random.swift"; sourceTree = "<group>"; };
		C309FC441C7F995B00161DC7 /* SHA256Hasher.swift */ = {isa = PBXFileReference; fileEncoding = 4; lastKnownFileType = sourcecode.swift; path = SHA256Hasher.swift; sourceTree = "<group>"; };
		C309FC461C7F995B00161DC7 /* JSONSerializer.swift */ = {isa = PBXFileReference; fileEncoding = 4; lastKnownFileType = sourcecode.swift; path = JSONSerializer.swift; sourceTree = "<group>"; };
		C309FC471C7F995B00161DC7 /* Vapor+JSON.swift */ = {isa = PBXFileReference; fileEncoding = 4; lastKnownFileType = sourcecode.swift; path = "Vapor+JSON.swift"; sourceTree = "<group>"; };
		C309FC491C7F995B00161DC7 /* Log.swift */ = {isa = PBXFileReference; fileEncoding = 4; lastKnownFileType = sourcecode.swift; path = Log.swift; sourceTree = "<group>"; };
		C309FC4A1C7F995B00161DC7 /* LogDriver.swift */ = {isa = PBXFileReference; fileEncoding = 4; lastKnownFileType = sourcecode.swift; path = LogDriver.swift; sourceTree = "<group>"; };
		C309FC4C1C7F995B00161DC7 /* Middleware.swift */ = {isa = PBXFileReference; fileEncoding = 4; lastKnownFileType = sourcecode.swift; path = Middleware.swift; sourceTree = "<group>"; };
		C309FC4E1C7F995B00161DC7 /* Request.swift */ = {isa = PBXFileReference; fileEncoding = 4; lastKnownFileType = sourcecode.swift; path = Request.swift; sourceTree = "<group>"; };
		C309FC4F1C7F995B00161DC7 /* RequestData+Target.swift */ = {isa = PBXFileReference; fileEncoding = 4; lastKnownFileType = sourcecode.swift; path = "RequestData+Target.swift"; sourceTree = "<group>"; };
		C309FC501C7F995B00161DC7 /* RequestFormExtension.swift */ = {isa = PBXFileReference; fileEncoding = 4; lastKnownFileType = sourcecode.swift; path = RequestFormExtension.swift; sourceTree = "<group>"; };
		C309FC521C7F995B00161DC7 /* Response.swift */ = {isa = PBXFileReference; fileEncoding = 4; lastKnownFileType = sourcecode.swift; path = Response.swift; sourceTree = "<group>"; };
		C309FC531C7F995B00161DC7 /* ResponseConvertible.swift */ = {isa = PBXFileReference; fileEncoding = 4; lastKnownFileType = sourcecode.swift; path = ResponseConvertible.swift; sourceTree = "<group>"; };
		C309FC551C7F995B00161DC7 /* Branch.swift */ = {isa = PBXFileReference; fileEncoding = 4; lastKnownFileType = sourcecode.swift; path = Branch.swift; sourceTree = "<group>"; };
		C309FC561C7F995B00161DC7 /* BranchRouter.swift */ = {isa = PBXFileReference; fileEncoding = 4; lastKnownFileType = sourcecode.swift; path = BranchRouter.swift; sourceTree = "<group>"; };
		C309FC571C7F995B00161DC7 /* RouterDriver.swift */ = {isa = PBXFileReference; fileEncoding = 4; lastKnownFileType = sourcecode.swift; path = RouterDriver.swift; sourceTree = "<group>"; };
		C309FC591C7F995B00161DC7 /* Application+Route.swift */ = {isa = PBXFileReference; fileEncoding = 4; lastKnownFileType = sourcecode.swift; path = "Application+Route.swift"; sourceTree = "<group>"; };
		C309FC5A1C7F995B00161DC7 /* Controller.swift */ = {isa = PBXFileReference; fileEncoding = 4; lastKnownFileType = sourcecode.swift; path = Controller.swift; sourceTree = "<group>"; };
		C309FC5B1C7F995B00161DC7 /* Route.swift */ = {isa = PBXFileReference; fileEncoding = 4; lastKnownFileType = sourcecode.swift; path = Route.swift; sourceTree = "<group>"; };
		C309FC5D1C7F995C00161DC7 /* ServerDriver.swift */ = {isa = PBXFileReference; fileEncoding = 4; lastKnownFileType = sourcecode.swift; path = ServerDriver.swift; sourceTree = "<group>"; };
		C309FC5E1C7F995C00161DC7 /* Socket.swift */ = {isa = PBXFileReference; fileEncoding = 4; lastKnownFileType = sourcecode.swift; path = Socket.swift; sourceTree = "<group>"; };
		C309FC5F1C7F995C00161DC7 /* SocketParser.swift */ = {isa = PBXFileReference; fileEncoding = 4; lastKnownFileType = sourcecode.swift; path = SocketParser.swift; sourceTree = "<group>"; };
		C309FC601C7F995C00161DC7 /* SocketServer.swift */ = {isa = PBXFileReference; fileEncoding = 4; lastKnownFileType = sourcecode.swift; path = SocketServer.swift; sourceTree = "<group>"; };
		C309FC621C7F995C00161DC7 /* MemorySessionDriver.swift */ = {isa = PBXFileReference; fileEncoding = 4; lastKnownFileType = sourcecode.swift; path = MemorySessionDriver.swift; sourceTree = "<group>"; };
		C309FC631C7F995C00161DC7 /* Session.swift */ = {isa = PBXFileReference; fileEncoding = 4; lastKnownFileType = sourcecode.swift; path = Session.swift; sourceTree = "<group>"; };
		C309FC641C7F995C00161DC7 /* SessionMiddleware.swift */ = {isa = PBXFileReference; fileEncoding = 4; lastKnownFileType = sourcecode.swift; path = SessionMiddleware.swift; sourceTree = "<group>"; };
		C309FC661C7F995C00161DC7 /* RenderDriver.swift */ = {isa = PBXFileReference; fileEncoding = 4; lastKnownFileType = sourcecode.swift; path = RenderDriver.swift; sourceTree = "<group>"; };
		C309FC671C7F995C00161DC7 /* View.swift */ = {isa = PBXFileReference; fileEncoding = 4; lastKnownFileType = sourcecode.swift; path = View.swift; sourceTree = "<group>"; };
		C336FF581C7F9FC300C8F9B7 /* .swift-version */ = {isa = PBXFileReference; lastKnownFileType = text; path = ".swift-version"; sourceTree = "<group>"; };
		C336FF5B1C7FA0AE00C8F9B7 /* ControllerTests.swift */ = {isa = PBXFileReference; fileEncoding = 4; lastKnownFileType = sourcecode.swift; path = ControllerTests.swift; sourceTree = "<group>"; };
		C336FF5C1C7FA0AE00C8F9B7 /* HashTests.swift */ = {isa = PBXFileReference; fileEncoding = 4; lastKnownFileType = sourcecode.swift; path = HashTests.swift; sourceTree = "<group>"; };
		C336FF5D1C7FA0AE00C8F9B7 /* LogTests.swift */ = {isa = PBXFileReference; fileEncoding = 4; lastKnownFileType = sourcecode.swift; path = LogTests.swift; sourceTree = "<group>"; };
		C336FF5F1C7FA0AE00C8F9B7 /* ResponseTests.swift */ = {isa = PBXFileReference; fileEncoding = 4; lastKnownFileType = sourcecode.swift; path = ResponseTests.swift; sourceTree = "<group>"; };
		C336FF601C7FA0AE00C8F9B7 /* RouterTests.swift */ = {isa = PBXFileReference; fileEncoding = 4; lastKnownFileType = sourcecode.swift; path = RouterTests.swift; sourceTree = "<group>"; };
		C336FF611C7FA0AE00C8F9B7 /* RouteTests.swift */ = {isa = PBXFileReference; fileEncoding = 4; lastKnownFileType = sourcecode.swift; path = RouteTests.swift; sourceTree = "<group>"; };
		C336FF6A1C7FA17400C8F9B7 /* main.swift */ = {isa = PBXFileReference; fileEncoding = 4; lastKnownFileType = sourcecode.swift; name = main.swift; path = Sources/VaporDev/main.swift; sourceTree = SOURCE_ROOT; };
		C352E6811C62BB0F00E26467 /* Vapor */ = {isa = PBXFileReference; explicitFileType = "compiled.mach-o.executable"; includeInIndex = 0; path = Vapor; sourceTree = BUILT_PRODUCTS_DIR; };
		C352E68F1C62BB1C00E26467 /* Tests.xctest */ = {isa = PBXFileReference; explicitFileType = wrapper.cfbundle; includeInIndex = 0; path = Tests.xctest; sourceTree = BUILT_PRODUCTS_DIR; };
		C352E70D1C62BCC600E26467 /* vapor-logo.png */ = {isa = PBXFileReference; lastKnownFileType = image.png; path = "vapor-logo.png"; sourceTree = "<group>"; };
		C352E70F1C62BCC600E26467 /* app.css */ = {isa = PBXFileReference; lastKnownFileType = text.css; path = app.css; sourceTree = "<group>"; };
		C352E7121C62BCF300E26467 /* welcome.html */ = {isa = PBXFileReference; lastKnownFileType = text.html; path = welcome.html; sourceTree = "<group>"; };
		C352E7131C62BDE200E26467 /* README.md */ = {isa = PBXFileReference; lastKnownFileType = net.daringfireball.markdown; path = README.md; sourceTree = "<group>"; };
		C352E7141C62BE6900E26467 /* Package.swift */ = {isa = PBXFileReference; lastKnownFileType = sourcecode.swift; path = Package.swift; sourceTree = "<group>"; };
		C352E7151C62BED500E26467 /* .gitignore */ = {isa = PBXFileReference; lastKnownFileType = text; path = .gitignore; sourceTree = "<group>"; };
/* End PBXFileReference section */

/* Begin PBXFrameworksBuildPhase section */
		C352E67E1C62BB0F00E26467 /* Frameworks */ = {
			isa = PBXFrameworksBuildPhase;
			buildActionMask = 2147483647;
			files = (
			);
			runOnlyForDeploymentPostprocessing = 0;
		};
		C352E68C1C62BB1C00E26467 /* Frameworks */ = {
			isa = PBXFrameworksBuildPhase;
			buildActionMask = 2147483647;
			files = (
			);
			runOnlyForDeploymentPostprocessing = 0;
		};
/* End PBXFrameworksBuildPhase section */

/* Begin PBXGroup section */
		C309FC391C7F995B00161DC7 /* Vapor */ = {
			isa = PBXGroup;
			children = (
				C309FC3A1C7F995B00161DC7 /* Core */,
				C309FC3D1C7F995B00161DC7 /* Fixes */,
				C309FC401C7F995B00161DC7 /* Hash */,
				C309FC451C7F995B00161DC7 /* JSON */,
				C309FC481C7F995B00161DC7 /* Log */,
				C309FC4B1C7F995B00161DC7 /* Middleware */,
				C309FC4D1C7F995B00161DC7 /* Request */,
				C309FC511C7F995B00161DC7 /* Response */,
				C309FC541C7F995B00161DC7 /* Router */,
				C309FC581C7F995B00161DC7 /* Routing */,
				C309FC5C1C7F995B00161DC7 /* Server */,
				C309FC611C7F995C00161DC7 /* Session */,
				C309FC651C7F995C00161DC7 /* View */,
			);
			path = Vapor;
			sourceTree = "<group>";
		};
		C309FC3A1C7F995B00161DC7 /* Core */ = {
			isa = PBXGroup;
			children = (
				C309FC3B1C7F995B00161DC7 /* Application.swift */,
				C309FC3C1C7F995B00161DC7 /* Provider.swift */,
			);
			path = Core;
			sourceTree = "<group>";
		};
		C309FC3D1C7F995B00161DC7 /* Fixes */ = {
			isa = PBXGroup;
			children = (
				C309FC3E1C7F995B00161DC7 /* LinuxFixes.swift */,
				C309FC3F1C7F995B00161DC7 /* StringExtensions.swift */,
			);
			path = Fixes;
			sourceTree = "<group>";
		};
		C309FC401C7F995B00161DC7 /* Hash */ = {
			isa = PBXGroup;
			children = (
				C309FC411C7F995B00161DC7 /* CryptoSwift.swift */,
				C309FC421C7F995B00161DC7 /* Hash.swift */,
				C309FC431C7F995B00161DC7 /* Int+Random.swift */,
				C309FC441C7F995B00161DC7 /* SHA256Hasher.swift */,
			);
			path = Hash;
			sourceTree = "<group>";
		};
		C309FC451C7F995B00161DC7 /* JSON */ = {
			isa = PBXGroup;
			children = (
				C309FC461C7F995B00161DC7 /* JSONSerializer.swift */,
				C309FC471C7F995B00161DC7 /* Vapor+JSON.swift */,
			);
			path = JSON;
			sourceTree = "<group>";
		};
		C309FC481C7F995B00161DC7 /* Log */ = {
			isa = PBXGroup;
			children = (
				C309FC491C7F995B00161DC7 /* Log.swift */,
				C309FC4A1C7F995B00161DC7 /* LogDriver.swift */,
			);
			path = Log;
			sourceTree = "<group>";
		};
		C309FC4B1C7F995B00161DC7 /* Middleware */ = {
			isa = PBXGroup;
			children = (
				C309FC4C1C7F995B00161DC7 /* Middleware.swift */,
			);
			path = Middleware;
			sourceTree = "<group>";
		};
		C309FC4D1C7F995B00161DC7 /* Request */ = {
			isa = PBXGroup;
			children = (
				C309FC4E1C7F995B00161DC7 /* Request.swift */,
				C309FC4F1C7F995B00161DC7 /* RequestData+Target.swift */,
				C309FC501C7F995B00161DC7 /* RequestFormExtension.swift */,
			);
			path = Request;
			sourceTree = "<group>";
		};
		C309FC511C7F995B00161DC7 /* Response */ = {
			isa = PBXGroup;
			children = (
				C309FC521C7F995B00161DC7 /* Response.swift */,
				C309FC531C7F995B00161DC7 /* ResponseConvertible.swift */,
			);
			path = Response;
			sourceTree = "<group>";
		};
		C309FC541C7F995B00161DC7 /* Router */ = {
			isa = PBXGroup;
			children = (
				C309FC551C7F995B00161DC7 /* Branch.swift */,
				C309FC561C7F995B00161DC7 /* BranchRouter.swift */,
				C309FC571C7F995B00161DC7 /* RouterDriver.swift */,
			);
			path = Router;
			sourceTree = "<group>";
		};
		C309FC581C7F995B00161DC7 /* Routing */ = {
			isa = PBXGroup;
			children = (
				C309FC591C7F995B00161DC7 /* Application+Route.swift */,
				C309FC5A1C7F995B00161DC7 /* Controller.swift */,
				C309FC5B1C7F995B00161DC7 /* Route.swift */,
			);
			path = Routing;
			sourceTree = "<group>";
		};
		C309FC5C1C7F995B00161DC7 /* Server */ = {
			isa = PBXGroup;
			children = (
				C309FC5D1C7F995C00161DC7 /* ServerDriver.swift */,
				C309FC5E1C7F995C00161DC7 /* Socket.swift */,
				C309FC5F1C7F995C00161DC7 /* SocketParser.swift */,
				C309FC601C7F995C00161DC7 /* SocketServer.swift */,
			);
			path = Server;
			sourceTree = "<group>";
		};
		C309FC611C7F995C00161DC7 /* Session */ = {
			isa = PBXGroup;
			children = (
				C309FC621C7F995C00161DC7 /* MemorySessionDriver.swift */,
				C309FC631C7F995C00161DC7 /* Session.swift */,
				C309FC641C7F995C00161DC7 /* SessionMiddleware.swift */,
			);
			path = Session;
			sourceTree = "<group>";
		};
		C309FC651C7F995C00161DC7 /* View */ = {
			isa = PBXGroup;
			children = (
				C309FC661C7F995C00161DC7 /* RenderDriver.swift */,
				C309FC671C7F995C00161DC7 /* View.swift */,
			);
			path = View;
			sourceTree = "<group>";
		};
		C309FC681C7F995C00161DC7 /* VaporDev */ = {
			isa = PBXGroup;
			children = (
				C336FF6A1C7FA17400C8F9B7 /* main.swift */,
			);
			name = VaporDev;
			path = VaporExample;
			sourceTree = "<group>";
		};
		C336FF5A1C7FA0AE00C8F9B7 /* Vapor */ = {
			isa = PBXGroup;
			children = (
				C336FF5B1C7FA0AE00C8F9B7 /* ControllerTests.swift */,
				C336FF5C1C7FA0AE00C8F9B7 /* HashTests.swift */,
				C336FF5D1C7FA0AE00C8F9B7 /* LogTests.swift */,
				C336FF5F1C7FA0AE00C8F9B7 /* ResponseTests.swift */,
				C336FF601C7FA0AE00C8F9B7 /* RouterTests.swift */,
				C336FF611C7FA0AE00C8F9B7 /* RouteTests.swift */,
			);
			path = Vapor;
			sourceTree = "<group>";
		};
		C352E6781C62BB0F00E26467 = {
			isa = PBXGroup;
			children = (
				C336FF581C7F9FC300C8F9B7 /* .swift-version */,
				C352E7151C62BED500E26467 /* .gitignore */,
				C304C8A01C62C3F400058C92 /* .travis.yml */,
				C352E7141C62BE6900E26467 /* Package.swift */,
				C352E7131C62BDE200E26467 /* README.md */,
				C352E7111C62BCF300E26467 /* Resources */,
				C352E70B1C62BCC600E26467 /* Public */,
				C352E6D11C62BC6A00E26467 /* Sources */,
				C352E6901C62BB1C00E26467 /* Tests */,
				C352E6821C62BB0F00E26467 /* Products */,
			);
			sourceTree = "<group>";
		};
		C352E6821C62BB0F00E26467 /* Products */ = {
			isa = PBXGroup;
			children = (
				C352E6811C62BB0F00E26467 /* Vapor */,
				C352E68F1C62BB1C00E26467 /* Tests.xctest */,
			);
			name = Products;
			sourceTree = "<group>";
		};
		C352E6901C62BB1C00E26467 /* Tests */ = {
			isa = PBXGroup;
			children = (
				C336FF5A1C7FA0AE00C8F9B7 /* Vapor */,
			);
			path = Tests;
			sourceTree = "<group>";
		};
		C352E6D11C62BC6A00E26467 /* Sources */ = {
			isa = PBXGroup;
			children = (
				C309FC391C7F995B00161DC7 /* Vapor */,
				C309FC681C7F995C00161DC7 /* VaporDev */,
			);
			path = Sources;
			sourceTree = "<group>";
		};
		C352E70B1C62BCC600E26467 /* Public */ = {
			isa = PBXGroup;
			children = (
				C352E70C1C62BCC600E26467 /* images */,
				C352E70E1C62BCC600E26467 /* styles */,
			);
			path = Public;
			sourceTree = "<group>";
		};
		C352E70C1C62BCC600E26467 /* images */ = {
			isa = PBXGroup;
			children = (
				C352E70D1C62BCC600E26467 /* vapor-logo.png */,
			);
			path = images;
			sourceTree = "<group>";
		};
		C352E70E1C62BCC600E26467 /* styles */ = {
			isa = PBXGroup;
			children = (
				C352E70F1C62BCC600E26467 /* app.css */,
			);
			path = styles;
			sourceTree = "<group>";
		};
		C352E7111C62BCF300E26467 /* Resources */ = {
			isa = PBXGroup;
			children = (
				C352E7121C62BCF300E26467 /* welcome.html */,
			);
			path = Resources;
			sourceTree = "<group>";
		};
/* End PBXGroup section */

/* Begin PBXNativeTarget section */
		C352E6801C62BB0F00E26467 /* Vapor */ = {
			isa = PBXNativeTarget;
			buildConfigurationList = C352E6881C62BB0F00E26467 /* Build configuration list for PBXNativeTarget "Vapor" */;
			buildPhases = (
				C352E67D1C62BB0F00E26467 /* Sources */,
				C352E67E1C62BB0F00E26467 /* Frameworks */,
				C352E67F1C62BB0F00E26467 /* CopyFiles */,
			);
			buildRules = (
			);
			dependencies = (
			);
			name = Vapor;
			productName = Vapor;
			productReference = C352E6811C62BB0F00E26467 /* Vapor */;
			productType = "com.apple.product-type.tool";
		};
		C352E68E1C62BB1C00E26467 /* Tests */ = {
			isa = PBXNativeTarget;
			buildConfigurationList = C352E6941C62BB1C00E26467 /* Build configuration list for PBXNativeTarget "Tests" */;
			buildPhases = (
				C352E68B1C62BB1C00E26467 /* Sources */,
				C352E68C1C62BB1C00E26467 /* Frameworks */,
				C352E68D1C62BB1C00E26467 /* Resources */,
			);
			buildRules = (
			);
			dependencies = (
			);
			name = Tests;
			productName = Tests;
			productReference = C352E68F1C62BB1C00E26467 /* Tests.xctest */;
			productType = "com.apple.product-type.bundle.unit-test";
		};
/* End PBXNativeTarget section */

/* Begin PBXProject section */
		C352E6791C62BB0F00E26467 /* Project object */ = {
			isa = PBXProject;
			attributes = {
				LastSwiftUpdateCheck = 0720;
				LastUpgradeCheck = 0720;
				ORGANIZATIONNAME = "Tanner Nelson";
				TargetAttributes = {
					C352E6801C62BB0F00E26467 = {
						CreatedOnToolsVersion = 7.2;
					};
					C352E68E1C62BB1C00E26467 = {
						CreatedOnToolsVersion = 7.2;
					};
				};
			};
			buildConfigurationList = C352E67C1C62BB0F00E26467 /* Build configuration list for PBXProject "Vapor" */;
			compatibilityVersion = "Xcode 3.2";
			developmentRegion = English;
			hasScannedForEncodings = 0;
			knownRegions = (
				en,
			);
			mainGroup = C352E6781C62BB0F00E26467;
			productRefGroup = C352E6821C62BB0F00E26467 /* Products */;
			projectDirPath = "";
			projectRoot = "";
			targets = (
				C352E6801C62BB0F00E26467 /* Vapor */,
				C352E68E1C62BB1C00E26467 /* Tests */,
			);
		};
/* End PBXProject section */

/* Begin PBXResourcesBuildPhase section */
		C352E68D1C62BB1C00E26467 /* Resources */ = {
			isa = PBXResourcesBuildPhase;
			buildActionMask = 2147483647;
			files = (
			);
			runOnlyForDeploymentPostprocessing = 0;
		};
/* End PBXResourcesBuildPhase section */

/* Begin PBXSourcesBuildPhase section */
		C352E67D1C62BB0F00E26467 /* Sources */ = {
			isa = PBXSourcesBuildPhase;
			buildActionMask = 2147483647;
			files = (
				C309FC821C7F995C00161DC7 /* Middleware.swift in Sources */,
				C309FC721C7F995C00161DC7 /* CryptoSwift.swift in Sources */,
				C336FF6B1C7FA17400C8F9B7 /* main.swift in Sources */,
				C309FC7A1C7F995C00161DC7 /* JSONSerializer.swift in Sources */,
				C309FC8A1C7F995C00161DC7 /* Response.swift in Sources */,
				C309FC7E1C7F995C00161DC7 /* Log.swift in Sources */,
				C309FC7C1C7F995C00161DC7 /* Vapor+JSON.swift in Sources */,
				C309FC801C7F995C00161DC7 /* LogDriver.swift in Sources */,
				C309FC9A1C7F995C00161DC7 /* ServerDriver.swift in Sources */,
				C309FC781C7F995C00161DC7 /* SHA256Hasher.swift in Sources */,
				C309FCA61C7F995C00161DC7 /* SessionMiddleware.swift in Sources */,
				C309FC941C7F995C00161DC7 /* Application+Route.swift in Sources */,
				C309FC761C7F995C00161DC7 /* Int+Random.swift in Sources */,
				C309FC9E1C7F995C00161DC7 /* SocketParser.swift in Sources */,
				C309FC741C7F995C00161DC7 /* Hash.swift in Sources */,
				C309FC8C1C7F995C00161DC7 /* ResponseConvertible.swift in Sources */,
				C309FC8E1C7F995C00161DC7 /* Branch.swift in Sources */,
				C309FC901C7F995C00161DC7 /* BranchRouter.swift in Sources */,
				C309FC861C7F995C00161DC7 /* RequestData+Target.swift in Sources */,
				C309FC921C7F995C00161DC7 /* RouterDriver.swift in Sources */,
				C309FC701C7F995C00161DC7 /* StringExtensions.swift in Sources */,
				C309FCAA1C7F995C00161DC7 /* View.swift in Sources */,
				C309FC6C1C7F995C00161DC7 /* Provider.swift in Sources */,
				C309FCA41C7F995C00161DC7 /* Session.swift in Sources */,
				C309FCA21C7F995C00161DC7 /* MemorySessionDriver.swift in Sources */,
				C309FC961C7F995C00161DC7 /* Controller.swift in Sources */,
				C309FCA01C7F995C00161DC7 /* SocketServer.swift in Sources */,
				C309FCA81C7F995C00161DC7 /* RenderDriver.swift in Sources */,
				C309FC9C1C7F995C00161DC7 /* Socket.swift in Sources */,
				C309FC841C7F995C00161DC7 /* Request.swift in Sources */,
				C309FC6A1C7F995C00161DC7 /* Application.swift in Sources */,
				C309FC981C7F995C00161DC7 /* Route.swift in Sources */,
				C309FC6E1C7F995C00161DC7 /* LinuxFixes.swift in Sources */,
				C309FC881C7F995C00161DC7 /* RequestFormExtension.swift in Sources */,
			);
			runOnlyForDeploymentPostprocessing = 0;
		};
		C352E68B1C62BB1C00E26467 /* Sources */ = {
			isa = PBXSourcesBuildPhase;
			buildActionMask = 2147483647;
			files = (
				C336FF671C7FA0AE00C8F9B7 /* ResponseTests.swift in Sources */,
				C309FC831C7F995C00161DC7 /* Middleware.swift in Sources */,
				C309FC731C7F995C00161DC7 /* CryptoSwift.swift in Sources */,
				C336FF651C7FA0AE00C8F9B7 /* LogTests.swift in Sources */,
				C309FC7B1C7F995C00161DC7 /* JSONSerializer.swift in Sources */,
				C309FC8B1C7F995C00161DC7 /* Response.swift in Sources */,
				C309FC7F1C7F995C00161DC7 /* Log.swift in Sources */,
				C309FC7D1C7F995C00161DC7 /* Vapor+JSON.swift in Sources */,
				C309FC811C7F995C00161DC7 /* LogDriver.swift in Sources */,
				C309FC9B1C7F995C00161DC7 /* ServerDriver.swift in Sources */,
				C309FC791C7F995C00161DC7 /* SHA256Hasher.swift in Sources */,
				C309FCA71C7F995C00161DC7 /* SessionMiddleware.swift in Sources */,
				C309FC951C7F995C00161DC7 /* Application+Route.swift in Sources */,
				C309FC771C7F995C00161DC7 /* Int+Random.swift in Sources */,
				C309FC9F1C7F995C00161DC7 /* SocketParser.swift in Sources */,
				C309FC751C7F995C00161DC7 /* Hash.swift in Sources */,
				C309FC8D1C7F995C00161DC7 /* ResponseConvertible.swift in Sources */,
				C309FC8F1C7F995C00161DC7 /* Branch.swift in Sources */,
				C309FC911C7F995C00161DC7 /* BranchRouter.swift in Sources */,
				C309FC871C7F995C00161DC7 /* RequestData+Target.swift in Sources */,
				C309FC931C7F995C00161DC7 /* RouterDriver.swift in Sources */,
				C336FF681C7FA0AE00C8F9B7 /* RouterTests.swift in Sources */,
				C336FF691C7FA0AE00C8F9B7 /* RouteTests.swift in Sources */,
				C309FC711C7F995C00161DC7 /* StringExtensions.swift in Sources */,
				C309FCAB1C7F995C00161DC7 /* View.swift in Sources */,
				C309FC6D1C7F995C00161DC7 /* Provider.swift in Sources */,
				C336FF6C1C7FA17400C8F9B7 /* main.swift in Sources */,
				C309FCA51C7F995C00161DC7 /* Session.swift in Sources */,
				C309FCA31C7F995C00161DC7 /* MemorySessionDriver.swift in Sources */,
				C309FC971C7F995C00161DC7 /* Controller.swift in Sources */,
				C336FF641C7FA0AE00C8F9B7 /* HashTests.swift in Sources */,
				C309FCA11C7F995C00161DC7 /* SocketServer.swift in Sources */,
				C309FCA91C7F995C00161DC7 /* RenderDriver.swift in Sources */,
				C309FC9D1C7F995C00161DC7 /* Socket.swift in Sources */,
				C309FC851C7F995C00161DC7 /* Request.swift in Sources */,
				C336FF631C7FA0AE00C8F9B7 /* ControllerTests.swift in Sources */,
				C309FC6B1C7F995C00161DC7 /* Application.swift in Sources */,
				C309FC991C7F995C00161DC7 /* Route.swift in Sources */,
				C309FC6F1C7F995C00161DC7 /* LinuxFixes.swift in Sources */,
				C309FC891C7F995C00161DC7 /* RequestFormExtension.swift in Sources */,
			);
			runOnlyForDeploymentPostprocessing = 0;
		};
/* End PBXSourcesBuildPhase section */

/* Begin XCBuildConfiguration section */
		C352E6861C62BB0F00E26467 /* Debug */ = {
			isa = XCBuildConfiguration;
			buildSettings = {
				ALWAYS_SEARCH_USER_PATHS = NO;
				CLANG_CXX_LANGUAGE_STANDARD = "gnu++0x";
				CLANG_CXX_LIBRARY = "libc++";
				CLANG_ENABLE_MODULES = YES;
				CLANG_ENABLE_OBJC_ARC = YES;
				CLANG_WARN_BOOL_CONVERSION = YES;
				CLANG_WARN_CONSTANT_CONVERSION = YES;
				CLANG_WARN_DIRECT_OBJC_ISA_USAGE = YES_ERROR;
				CLANG_WARN_EMPTY_BODY = YES;
				CLANG_WARN_ENUM_CONVERSION = YES;
				CLANG_WARN_INT_CONVERSION = YES;
				CLANG_WARN_OBJC_ROOT_CLASS = YES_ERROR;
				CLANG_WARN_UNREACHABLE_CODE = YES;
				CLANG_WARN__DUPLICATE_METHOD_MATCH = YES;
				CODE_SIGN_IDENTITY = "-";
				COPY_PHASE_STRIP = NO;
				DEBUG_INFORMATION_FORMAT = dwarf;
				ENABLE_STRICT_OBJC_MSGSEND = YES;
				ENABLE_TESTABILITY = YES;
				GCC_C_LANGUAGE_STANDARD = gnu99;
				GCC_DYNAMIC_NO_PIC = NO;
				GCC_NO_COMMON_BLOCKS = YES;
				GCC_OPTIMIZATION_LEVEL = 0;
				GCC_PREPROCESSOR_DEFINITIONS = (
					"DEBUG=1",
					"$(inherited)",
				);
				GCC_WARN_64_TO_32_BIT_CONVERSION = YES;
				GCC_WARN_ABOUT_RETURN_TYPE = YES_ERROR;
				GCC_WARN_UNDECLARED_SELECTOR = YES;
				GCC_WARN_UNINITIALIZED_AUTOS = YES_AGGRESSIVE;
				GCC_WARN_UNUSED_FUNCTION = YES;
				GCC_WARN_UNUSED_VARIABLE = YES;
				MACOSX_DEPLOYMENT_TARGET = 10.11;
				MTL_ENABLE_DEBUG_INFO = YES;
				ONLY_ACTIVE_ARCH = YES;
				SDKROOT = macosx;
				SWIFT_OPTIMIZATION_LEVEL = "-Onone";
			};
			name = Debug;
		};
		C352E6871C62BB0F00E26467 /* Release */ = {
			isa = XCBuildConfiguration;
			buildSettings = {
				ALWAYS_SEARCH_USER_PATHS = NO;
				CLANG_CXX_LANGUAGE_STANDARD = "gnu++0x";
				CLANG_CXX_LIBRARY = "libc++";
				CLANG_ENABLE_MODULES = YES;
				CLANG_ENABLE_OBJC_ARC = YES;
				CLANG_WARN_BOOL_CONVERSION = YES;
				CLANG_WARN_CONSTANT_CONVERSION = YES;
				CLANG_WARN_DIRECT_OBJC_ISA_USAGE = YES_ERROR;
				CLANG_WARN_EMPTY_BODY = YES;
				CLANG_WARN_ENUM_CONVERSION = YES;
				CLANG_WARN_INT_CONVERSION = YES;
				CLANG_WARN_OBJC_ROOT_CLASS = YES_ERROR;
				CLANG_WARN_UNREACHABLE_CODE = YES;
				CLANG_WARN__DUPLICATE_METHOD_MATCH = YES;
				CODE_SIGN_IDENTITY = "-";
				COPY_PHASE_STRIP = NO;
				DEBUG_INFORMATION_FORMAT = "dwarf-with-dsym";
				ENABLE_NS_ASSERTIONS = NO;
				ENABLE_STRICT_OBJC_MSGSEND = YES;
				GCC_C_LANGUAGE_STANDARD = gnu99;
				GCC_NO_COMMON_BLOCKS = YES;
				GCC_WARN_64_TO_32_BIT_CONVERSION = YES;
				GCC_WARN_ABOUT_RETURN_TYPE = YES_ERROR;
				GCC_WARN_UNDECLARED_SELECTOR = YES;
				GCC_WARN_UNINITIALIZED_AUTOS = YES_AGGRESSIVE;
				GCC_WARN_UNUSED_FUNCTION = YES;
				GCC_WARN_UNUSED_VARIABLE = YES;
				MACOSX_DEPLOYMENT_TARGET = 10.11;
				MTL_ENABLE_DEBUG_INFO = NO;
				SDKROOT = macosx;
			};
			name = Release;
		};
		C352E6891C62BB0F00E26467 /* Debug */ = {
			isa = XCBuildConfiguration;
			buildSettings = {
				CLANG_ENABLE_MODULES = YES;
				LD_RUNPATH_SEARCH_PATHS = "$(inherited) @executable_path/../Frameworks @loader_path/../Frameworks";
				PRODUCT_NAME = "$(TARGET_NAME)";
				SWIFT_INCLUDE_PATHS = "$(SRCROOT)/.build/debug";
				SWIFT_OPTIMIZATION_LEVEL = "-Onone";
			};
			name = Debug;
		};
		C352E68A1C62BB0F00E26467 /* Release */ = {
			isa = XCBuildConfiguration;
			buildSettings = {
				CLANG_ENABLE_MODULES = YES;
				LD_RUNPATH_SEARCH_PATHS = "$(inherited) @executable_path/../Frameworks @loader_path/../Frameworks";
				PRODUCT_NAME = "$(TARGET_NAME)";
				SWIFT_INCLUDE_PATHS = "$(SRCROOT)/.build/release";
			};
			name = Release;
		};
		C352E6951C62BB1C00E26467 /* Debug */ = {
			isa = XCBuildConfiguration;
			buildSettings = {
				COMBINE_HIDPI_IMAGES = YES;
				INFOPLIST_FILE = Tests/Info.plist;
				LD_RUNPATH_SEARCH_PATHS = "$(inherited) @executable_path/../Frameworks @loader_path/../Frameworks";
				PRODUCT_BUNDLE_IDENTIFIER = com.tannernelson.Tests;
				PRODUCT_NAME = "$(TARGET_NAME)";
				SWIFT_INCLUDE_PATHS = "$(SRCROOT)/.build/debug";
			};
			name = Debug;
		};
		C352E6961C62BB1C00E26467 /* Release */ = {
			isa = XCBuildConfiguration;
			buildSettings = {
				COMBINE_HIDPI_IMAGES = YES;
				INFOPLIST_FILE = Tests/Info.plist;
				LD_RUNPATH_SEARCH_PATHS = "$(inherited) @executable_path/../Frameworks @loader_path/../Frameworks";
				PRODUCT_BUNDLE_IDENTIFIER = com.tannernelson.Tests;
				PRODUCT_NAME = "$(TARGET_NAME)";
				SWIFT_INCLUDE_PATHS = "$(SRCROOT)/.build/release";
			};
			name = Release;
		};
/* End XCBuildConfiguration section */

/* Begin XCConfigurationList section */
		C352E67C1C62BB0F00E26467 /* Build configuration list for PBXProject "Vapor" */ = {
			isa = XCConfigurationList;
			buildConfigurations = (
				C352E6861C62BB0F00E26467 /* Debug */,
				C352E6871C62BB0F00E26467 /* Release */,
			);
			defaultConfigurationIsVisible = 0;
			defaultConfigurationName = Release;
		};
		C352E6881C62BB0F00E26467 /* Build configuration list for PBXNativeTarget "Vapor" */ = {
			isa = XCConfigurationList;
			buildConfigurations = (
				C352E6891C62BB0F00E26467 /* Debug */,
				C352E68A1C62BB0F00E26467 /* Release */,
			);
			defaultConfigurationIsVisible = 0;
			defaultConfigurationName = Release;
		};
		C352E6941C62BB1C00E26467 /* Build configuration list for PBXNativeTarget "Tests" */ = {
			isa = XCConfigurationList;
			buildConfigurations = (
				C352E6951C62BB1C00E26467 /* Debug */,
				C352E6961C62BB1C00E26467 /* Release */,
			);
			defaultConfigurationIsVisible = 0;
			defaultConfigurationName = Release;
		};
/* End XCConfigurationList section */
	};
	rootObject = C352E6791C62BB0F00E26467 /* Project object */;
}
