// !$*UTF8*$!
{
	archiveVersion = 1;
	classes = {
	};
	objectVersion = 46;
	objects = {

/* Begin PBXBuildFile section */
		3492B2EF1C787DD600D8E588 /* RouteTests.swift in Sources */ = {isa = PBXBuildFile; fileRef = 3492B2EE1C787DD600D8E588 /* RouteTests.swift */; };
		802030011C77C956009B8655 /* Vapor+Json.swift in Sources */ = {isa = PBXBuildFile; fileRef = 802030001C77C956009B8655 /* Vapor+Json.swift */; };
		802053991C7A8C7D009E26E9 /* RequestData+Target.swift in Sources */ = {isa = PBXBuildFile; fileRef = 802053981C7A8C7D009E26E9 /* RequestData+Target.swift */; };
		8020539B1C7A8C87009E26E9 /* RequestData+Test.swift in Sources */ = {isa = PBXBuildFile; fileRef = 8020539A1C7A8C87009E26E9 /* RequestData+Test.swift */; };
		802030061C77F82B009B8655 /* Branch.swift in Sources */ = {isa = PBXBuildFile; fileRef = 802030041C77F82B009B8655 /* Branch.swift */; };
		802030071C77F82B009B8655 /* Router.swift in Sources */ = {isa = PBXBuildFile; fileRef = 802030051C77F82B009B8655 /* Router.swift */; };
		C304C8A71C62D65200058C92 /* ServerDriver.swift in Sources */ = {isa = PBXBuildFile; fileRef = C304C8A61C62D65200058C92 /* ServerDriver.swift */; };
		C304C8A81C62D65200058C92 /* ServerDriver.swift in Sources */ = {isa = PBXBuildFile; fileRef = C304C8A61C62D65200058C92 /* ServerDriver.swift */; };
		C304C8AA1C62FCA300058C92 /* RequestFormExtension.swift in Sources */ = {isa = PBXBuildFile; fileRef = C304C8A91C62FCA300058C92 /* RequestFormExtension.swift */; };
		C304C8AB1C62FCA300058C92 /* RequestFormExtension.swift in Sources */ = {isa = PBXBuildFile; fileRef = C304C8A91C62FCA300058C92 /* RequestFormExtension.swift */; };
		C304C8B51C6306B100058C92 /* RouterDriver.swift in Sources */ = {isa = PBXBuildFile; fileRef = C304C8B41C6306B100058C92 /* RouterDriver.swift */; };
		C304C8B61C6306B100058C92 /* RouterDriver.swift in Sources */ = {isa = PBXBuildFile; fileRef = C304C8B41C6306B100058C92 /* RouterDriver.swift */; };
		C352E6E71C62BC6A00E26467 /* Controller.swift in Sources */ = {isa = PBXBuildFile; fileRef = C352E6D31C62BC6A00E26467 /* Controller.swift */; };
		C352E6E81C62BC6A00E26467 /* Controller.swift in Sources */ = {isa = PBXBuildFile; fileRef = C352E6D31C62BC6A00E26467 /* Controller.swift */; };
		C352E6E91C62BC6A00E26467 /* JSONSerializer.swift in Sources */ = {isa = PBXBuildFile; fileRef = C352E6D41C62BC6A00E26467 /* JSONSerializer.swift */; };
		C352E6EA1C62BC6A00E26467 /* JSONSerializer.swift in Sources */ = {isa = PBXBuildFile; fileRef = C352E6D41C62BC6A00E26467 /* JSONSerializer.swift */; };
		C352E6EB1C62BC6A00E26467 /* LinuxFixes.swift in Sources */ = {isa = PBXBuildFile; fileRef = C352E6D51C62BC6A00E26467 /* LinuxFixes.swift */; };
		C352E6EC1C62BC6A00E26467 /* LinuxFixes.swift in Sources */ = {isa = PBXBuildFile; fileRef = C352E6D51C62BC6A00E26467 /* LinuxFixes.swift */; };
		C352E6EF1C62BC6A00E26467 /* MemorySessionDriver.swift in Sources */ = {isa = PBXBuildFile; fileRef = C352E6D71C62BC6A00E26467 /* MemorySessionDriver.swift */; };
		C352E6F01C62BC6A00E26467 /* MemorySessionDriver.swift in Sources */ = {isa = PBXBuildFile; fileRef = C352E6D71C62BC6A00E26467 /* MemorySessionDriver.swift */; };
		C352E6F11C62BC6A00E26467 /* SocketParser.swift in Sources */ = {isa = PBXBuildFile; fileRef = C352E6D81C62BC6A00E26467 /* SocketParser.swift */; };
		C352E6F21C62BC6A00E26467 /* SocketParser.swift in Sources */ = {isa = PBXBuildFile; fileRef = C352E6D81C62BC6A00E26467 /* SocketParser.swift */; };
		C352E6F31C62BC6A00E26467 /* Request.swift in Sources */ = {isa = PBXBuildFile; fileRef = C352E6D91C62BC6A00E26467 /* Request.swift */; };
		C352E6F41C62BC6A00E26467 /* Request.swift in Sources */ = {isa = PBXBuildFile; fileRef = C352E6D91C62BC6A00E26467 /* Request.swift */; };
		C352E6F51C62BC6A00E26467 /* Response.swift in Sources */ = {isa = PBXBuildFile; fileRef = C352E6DA1C62BC6A00E26467 /* Response.swift */; };
		C352E6F61C62BC6A00E26467 /* Response.swift in Sources */ = {isa = PBXBuildFile; fileRef = C352E6DA1C62BC6A00E26467 /* Response.swift */; };
		C352E6F71C62BC6A00E26467 /* ResponseConvertible.swift in Sources */ = {isa = PBXBuildFile; fileRef = C352E6DB1C62BC6A00E26467 /* ResponseConvertible.swift */; };
		C352E6F81C62BC6A00E26467 /* ResponseConvertible.swift in Sources */ = {isa = PBXBuildFile; fileRef = C352E6DB1C62BC6A00E26467 /* ResponseConvertible.swift */; };
		C352E6F91C62BC6A00E26467 /* Route.swift in Sources */ = {isa = PBXBuildFile; fileRef = C352E6DC1C62BC6A00E26467 /* Route.swift */; };
		C352E6FA1C62BC6A00E26467 /* Route.swift in Sources */ = {isa = PBXBuildFile; fileRef = C352E6DC1C62BC6A00E26467 /* Route.swift */; };
		C352E6FB1C62BC6A00E26467 /* NodeRouter.swift in Sources */ = {isa = PBXBuildFile; fileRef = C352E6DD1C62BC6A00E26467 /* NodeRouter.swift */; };
		C352E6FC1C62BC6A00E26467 /* NodeRouter.swift in Sources */ = {isa = PBXBuildFile; fileRef = C352E6DD1C62BC6A00E26467 /* NodeRouter.swift */; };
		C352E6FD1C62BC6A00E26467 /* Server.swift in Sources */ = {isa = PBXBuildFile; fileRef = C352E6DE1C62BC6A00E26467 /* Server.swift */; };
		C352E6FE1C62BC6A00E26467 /* Server.swift in Sources */ = {isa = PBXBuildFile; fileRef = C352E6DE1C62BC6A00E26467 /* Server.swift */; };
		C352E6FF1C62BC6A00E26467 /* Session.swift in Sources */ = {isa = PBXBuildFile; fileRef = C352E6DF1C62BC6A00E26467 /* Session.swift */; };
		C352E7001C62BC6A00E26467 /* Session.swift in Sources */ = {isa = PBXBuildFile; fileRef = C352E6DF1C62BC6A00E26467 /* Session.swift */; };
		C352E7011C62BC6A00E26467 /* Socket.swift in Sources */ = {isa = PBXBuildFile; fileRef = C352E6E01C62BC6A00E26467 /* Socket.swift */; };
		C352E7021C62BC6A00E26467 /* Socket.swift in Sources */ = {isa = PBXBuildFile; fileRef = C352E6E01C62BC6A00E26467 /* Socket.swift */; };
		C352E7031C62BC6A00E26467 /* SocketServer.swift in Sources */ = {isa = PBXBuildFile; fileRef = C352E6E11C62BC6A00E26467 /* SocketServer.swift */; };
		C352E7041C62BC6A00E26467 /* SocketServer.swift in Sources */ = {isa = PBXBuildFile; fileRef = C352E6E11C62BC6A00E26467 /* SocketServer.swift */; };
		C352E7051C62BC6A00E26467 /* StringExtensions.swift in Sources */ = {isa = PBXBuildFile; fileRef = C352E6E21C62BC6A00E26467 /* StringExtensions.swift */; };
		C352E7061C62BC6A00E26467 /* StringExtensions.swift in Sources */ = {isa = PBXBuildFile; fileRef = C352E6E21C62BC6A00E26467 /* StringExtensions.swift */; };
		C352E7091C62BC6A00E26467 /* View.swift in Sources */ = {isa = PBXBuildFile; fileRef = C352E6E41C62BC6A00E26467 /* View.swift */; };
		C352E70A1C62BC6A00E26467 /* View.swift in Sources */ = {isa = PBXBuildFile; fileRef = C352E6E41C62BC6A00E26467 /* View.swift */; };
		C377F2EF1C696CAB00DABD21 /* RenderDriver.swift in Sources */ = {isa = PBXBuildFile; fileRef = C377F2EE1C696CAB00DABD21 /* RenderDriver.swift */; };
		C377F2F01C696CAB00DABD21 /* RenderDriver.swift in Sources */ = {isa = PBXBuildFile; fileRef = C377F2EE1C696CAB00DABD21 /* RenderDriver.swift */; };
		C38808641C62C0390067DADD /* ResponseTests.swift in Sources */ = {isa = PBXBuildFile; fileRef = C38808631C62C0390067DADD /* ResponseTests.swift */; };
		C3943DC31C7663E80014F4EE /* RouterTests.swift in Sources */ = {isa = PBXBuildFile; fileRef = C3943DC21C7663E80014F4EE /* RouterTests.swift */; };
		C3943DC41C7664D90014F4EE /* Middleware.swift in Sources */ = {isa = PBXBuildFile; fileRef = C3EDEA7A1C683A6C00754727 /* Middleware.swift */; };
		C3943DC51C7664D90014F4EE /* SessionMiddleware.swift in Sources */ = {isa = PBXBuildFile; fileRef = C3EDEA7C1C683CE100754727 /* SessionMiddleware.swift */; };
		C3EDEA7B1C683A6C00754727 /* Middleware.swift in Sources */ = {isa = PBXBuildFile; fileRef = C3EDEA7A1C683A6C00754727 /* Middleware.swift */; };
		C3EDEA7D1C683CE100754727 /* SessionMiddleware.swift in Sources */ = {isa = PBXBuildFile; fileRef = C3EDEA7C1C683CE100754727 /* SessionMiddleware.swift */; };
		C3EDEA801C68419800754727 /* String+SHA1.swift in Sources */ = {isa = PBXBuildFile; fileRef = C3EDEA7F1C68419800754727 /* String+SHA1.swift */; };
		C3EDEA811C68419800754727 /* String+SHA1.swift in Sources */ = {isa = PBXBuildFile; fileRef = C3EDEA7F1C68419800754727 /* String+SHA1.swift */; };
		C3EDEA841C6842C700754727 /* Int+Random.swift in Sources */ = {isa = PBXBuildFile; fileRef = C3EDEA831C6842C700754727 /* Int+Random.swift */; };
		C3EDEA851C6842C700754727 /* Int+Random.swift in Sources */ = {isa = PBXBuildFile; fileRef = C3EDEA831C6842C700754727 /* Int+Random.swift */; };
		C3EDEA871C68459300754727 /* Hash.swift in Sources */ = {isa = PBXBuildFile; fileRef = C3EDEA861C68459300754727 /* Hash.swift */; };
		C3EDEA881C68459300754727 /* Hash.swift in Sources */ = {isa = PBXBuildFile; fileRef = C3EDEA861C68459300754727 /* Hash.swift */; };
/* End PBXBuildFile section */

/* Begin PBXCopyFilesBuildPhase section */
		C352E67F1C62BB0F00E26467 /* CopyFiles */ = {
			isa = PBXCopyFilesBuildPhase;
			buildActionMask = 2147483647;
			dstPath = /usr/share/man/man1/;
			dstSubfolderSpec = 0;
			files = (
			);
			runOnlyForDeploymentPostprocessing = 1;
		};
/* End PBXCopyFilesBuildPhase section */

/* Begin PBXFileReference section */
		3492B2EE1C787DD600D8E588 /* RouteTests.swift */ = {isa = PBXFileReference; fileEncoding = 4; lastKnownFileType = sourcecode.swift; path = RouteTests.swift; sourceTree = "<group>"; };
		802030001C77C956009B8655 /* Vapor+Json.swift */ = {isa = PBXFileReference; fileEncoding = 4; lastKnownFileType = sourcecode.swift; path = "Vapor+Json.swift"; sourceTree = "<group>"; };
		802053981C7A8C7D009E26E9 /* RequestData+Target.swift */ = {isa = PBXFileReference; fileEncoding = 4; lastKnownFileType = sourcecode.swift; path = "RequestData+Target.swift"; sourceTree = "<group>"; };
		8020539A1C7A8C87009E26E9 /* RequestData+Test.swift */ = {isa = PBXFileReference; fileEncoding = 4; lastKnownFileType = sourcecode.swift; name = "RequestData+Test.swift"; path = "Tests/RequestData+Test.swift"; sourceTree = SOURCE_ROOT; };
		802030041C77F82B009B8655 /* Branch.swift */ = {isa = PBXFileReference; fileEncoding = 4; lastKnownFileType = sourcecode.swift; path = Branch.swift; sourceTree = "<group>"; };
		802030051C77F82B009B8655 /* Router.swift */ = {isa = PBXFileReference; fileEncoding = 4; lastKnownFileType = sourcecode.swift; path = Router.swift; sourceTree = "<group>"; };
		C304C8A01C62C3F400058C92 /* .travis.yml */ = {isa = PBXFileReference; lastKnownFileType = text; path = .travis.yml; sourceTree = "<group>"; };
		C304C8A61C62D65200058C92 /* ServerDriver.swift */ = {isa = PBXFileReference; fileEncoding = 4; lastKnownFileType = sourcecode.swift; path = ServerDriver.swift; sourceTree = "<group>"; };
		C304C8A91C62FCA300058C92 /* RequestFormExtension.swift */ = {isa = PBXFileReference; fileEncoding = 4; lastKnownFileType = sourcecode.swift; path = RequestFormExtension.swift; sourceTree = "<group>"; };
		C304C8B41C6306B100058C92 /* RouterDriver.swift */ = {isa = PBXFileReference; fileEncoding = 4; lastKnownFileType = sourcecode.swift; path = RouterDriver.swift; sourceTree = "<group>"; };
		C352E6811C62BB0F00E26467 /* Vapor */ = {isa = PBXFileReference; explicitFileType = "compiled.mach-o.executable"; includeInIndex = 0; path = Vapor; sourceTree = BUILT_PRODUCTS_DIR; };
		C352E68F1C62BB1C00E26467 /* Tests.xctest */ = {isa = PBXFileReference; explicitFileType = wrapper.cfbundle; includeInIndex = 0; path = Tests.xctest; sourceTree = BUILT_PRODUCTS_DIR; };
		C352E6931C62BB1C00E26467 /* Info.plist */ = {isa = PBXFileReference; lastKnownFileType = text.plist.xml; path = Info.plist; sourceTree = "<group>"; };
		C352E6D31C62BC6A00E26467 /* Controller.swift */ = {isa = PBXFileReference; fileEncoding = 4; lastKnownFileType = sourcecode.swift; path = Controller.swift; sourceTree = "<group>"; };
		C352E6D41C62BC6A00E26467 /* JSONSerializer.swift */ = {isa = PBXFileReference; fileEncoding = 4; lastKnownFileType = sourcecode.swift; path = JSONSerializer.swift; sourceTree = "<group>"; };
		C352E6D51C62BC6A00E26467 /* LinuxFixes.swift */ = {isa = PBXFileReference; fileEncoding = 4; lastKnownFileType = sourcecode.swift; path = LinuxFixes.swift; sourceTree = "<group>"; };
		C352E6D71C62BC6A00E26467 /* MemorySessionDriver.swift */ = {isa = PBXFileReference; fileEncoding = 4; lastKnownFileType = sourcecode.swift; path = MemorySessionDriver.swift; sourceTree = "<group>"; };
		C352E6D81C62BC6A00E26467 /* SocketParser.swift */ = {isa = PBXFileReference; fileEncoding = 4; lastKnownFileType = sourcecode.swift; path = SocketParser.swift; sourceTree = "<group>"; };
		C352E6D91C62BC6A00E26467 /* Request.swift */ = {isa = PBXFileReference; fileEncoding = 4; lastKnownFileType = sourcecode.swift; path = Request.swift; sourceTree = "<group>"; };
		C352E6DA1C62BC6A00E26467 /* Response.swift */ = {isa = PBXFileReference; fileEncoding = 4; lastKnownFileType = sourcecode.swift; path = Response.swift; sourceTree = "<group>"; };
		C352E6DB1C62BC6A00E26467 /* ResponseConvertible.swift */ = {isa = PBXFileReference; fileEncoding = 4; lastKnownFileType = sourcecode.swift; path = ResponseConvertible.swift; sourceTree = "<group>"; };
		C352E6DC1C62BC6A00E26467 /* Route.swift */ = {isa = PBXFileReference; fileEncoding = 4; lastKnownFileType = sourcecode.swift; path = Route.swift; sourceTree = "<group>"; };
		C352E6DD1C62BC6A00E26467 /* NodeRouter.swift */ = {isa = PBXFileReference; fileEncoding = 4; lastKnownFileType = sourcecode.swift; path = NodeRouter.swift; sourceTree = "<group>"; };
		C352E6DE1C62BC6A00E26467 /* Server.swift */ = {isa = PBXFileReference; fileEncoding = 4; lastKnownFileType = sourcecode.swift; path = Server.swift; sourceTree = "<group>"; };
		C352E6DF1C62BC6A00E26467 /* Session.swift */ = {isa = PBXFileReference; fileEncoding = 4; lastKnownFileType = sourcecode.swift; path = Session.swift; sourceTree = "<group>"; };
		C352E6E01C62BC6A00E26467 /* Socket.swift */ = {isa = PBXFileReference; fileEncoding = 4; lastKnownFileType = sourcecode.swift; path = Socket.swift; sourceTree = "<group>"; };
		C352E6E11C62BC6A00E26467 /* SocketServer.swift */ = {isa = PBXFileReference; fileEncoding = 4; lastKnownFileType = sourcecode.swift; path = SocketServer.swift; sourceTree = "<group>"; };
		C352E6E21C62BC6A00E26467 /* StringExtensions.swift */ = {isa = PBXFileReference; fileEncoding = 4; lastKnownFileType = sourcecode.swift; path = StringExtensions.swift; sourceTree = "<group>"; };
		C352E6E41C62BC6A00E26467 /* View.swift */ = {isa = PBXFileReference; fileEncoding = 4; lastKnownFileType = sourcecode.swift; path = View.swift; sourceTree = "<group>"; };
		C352E70D1C62BCC600E26467 /* vapor-logo.png */ = {isa = PBXFileReference; lastKnownFileType = image.png; path = "vapor-logo.png"; sourceTree = "<group>"; };
		C352E70F1C62BCC600E26467 /* app.css */ = {isa = PBXFileReference; lastKnownFileType = text.css; path = app.css; sourceTree = "<group>"; };
		C352E7121C62BCF300E26467 /* welcome.html */ = {isa = PBXFileReference; lastKnownFileType = text.html; path = welcome.html; sourceTree = "<group>"; };
		C352E7131C62BDE200E26467 /* README.md */ = {isa = PBXFileReference; lastKnownFileType = net.daringfireball.markdown; path = README.md; sourceTree = "<group>"; };
		C352E7141C62BE6900E26467 /* Package.swift */ = {isa = PBXFileReference; lastKnownFileType = sourcecode.swift; path = Package.swift; sourceTree = "<group>"; };
		C352E7151C62BED500E26467 /* .gitignore */ = {isa = PBXFileReference; lastKnownFileType = text; path = .gitignore; sourceTree = "<group>"; };
		C377F2EE1C696CAB00DABD21 /* RenderDriver.swift */ = {isa = PBXFileReference; fileEncoding = 4; lastKnownFileType = sourcecode.swift; path = RenderDriver.swift; sourceTree = "<group>"; };
		C38808631C62C0390067DADD /* ResponseTests.swift */ = {isa = PBXFileReference; fileEncoding = 4; lastKnownFileType = sourcecode.swift; path = ResponseTests.swift; sourceTree = "<group>"; };
		C3943DC21C7663E80014F4EE /* RouterTests.swift */ = {isa = PBXFileReference; fileEncoding = 4; lastKnownFileType = sourcecode.swift; path = RouterTests.swift; sourceTree = "<group>"; };
		C3EDEA7A1C683A6C00754727 /* Middleware.swift */ = {isa = PBXFileReference; fileEncoding = 4; lastKnownFileType = sourcecode.swift; path = Middleware.swift; sourceTree = "<group>"; };
		C3EDEA7C1C683CE100754727 /* SessionMiddleware.swift */ = {isa = PBXFileReference; fileEncoding = 4; lastKnownFileType = sourcecode.swift; path = SessionMiddleware.swift; sourceTree = "<group>"; };
		C3EDEA7F1C68419800754727 /* String+SHA1.swift */ = {isa = PBXFileReference; fileEncoding = 4; lastKnownFileType = sourcecode.swift; path = "String+SHA1.swift"; sourceTree = "<group>"; };
		C3EDEA831C6842C700754727 /* Int+Random.swift */ = {isa = PBXFileReference; fileEncoding = 4; lastKnownFileType = sourcecode.swift; path = "Int+Random.swift"; sourceTree = "<group>"; };
		C3EDEA861C68459300754727 /* Hash.swift */ = {isa = PBXFileReference; fileEncoding = 4; lastKnownFileType = sourcecode.swift; path = Hash.swift; sourceTree = "<group>"; };
/* End PBXFileReference section */

/* Begin PBXFrameworksBuildPhase section */
		C352E67E1C62BB0F00E26467 /* Frameworks */ = {
			isa = PBXFrameworksBuildPhase;
			buildActionMask = 2147483647;
			files = (
			);
			runOnlyForDeploymentPostprocessing = 0;
		};
		C352E68C1C62BB1C00E26467 /* Frameworks */ = {
			isa = PBXFrameworksBuildPhase;
			buildActionMask = 2147483647;
			files = (
			);
			runOnlyForDeploymentPostprocessing = 0;
		};
/* End PBXFrameworksBuildPhase section */

/* Begin PBXGroup section */
		80202FFF1C77C94C009B8655 /* Json */ = {
			isa = PBXGroup;
			children = (
				802030001C77C956009B8655 /* Vapor+Json.swift */,
			);
			name = Json;
			sourceTree = "<group>";
		};
		C304C8AC1C63047100058C92 /* Socket */ = {
			isa = PBXGroup;
			children = (
				C352E6E01C62BC6A00E26467 /* Socket.swift */,
				C352E6E11C62BC6A00E26467 /* SocketServer.swift */,
				C352E6D81C62BC6A00E26467 /* SocketParser.swift */,
			);
			name = Socket;
			sourceTree = "<group>";
		};
		C304C8AD1C63048200058C92 /* Server */ = {
			isa = PBXGroup;
			children = (
				C304C8AC1C63047100058C92 /* Socket */,
				C352E6DE1C62BC6A00E26467 /* Server.swift */,
				C304C8A61C62D65200058C92 /* ServerDriver.swift */,
			);
			name = Server;
			sourceTree = "<group>";
		};
		C304C8AE1C63050900058C92 /* Session */ = {
			isa = PBXGroup;
			children = (
				C352E6DF1C62BC6A00E26467 /* Session.swift */,
				C352E6D71C62BC6A00E26467 /* MemorySessionDriver.swift */,
			);
			name = Session;
			sourceTree = "<group>";
		};
		C304C8AF1C63051E00058C92 /* Fixes */ = {
			isa = PBXGroup;
			children = (
				C352E6D41C62BC6A00E26467 /* JSONSerializer.swift */,
				C352E6D51C62BC6A00E26467 /* LinuxFixes.swift */,
				C352E6E21C62BC6A00E26467 /* StringExtensions.swift */,
			);
			name = Fixes;
			sourceTree = "<group>";
		};
		C304C8B01C63053500058C92 /* Request */ = {
			isa = PBXGroup;
			children = (
				C352E6D91C62BC6A00E26467 /* Request.swift */,
				C304C8A91C62FCA300058C92 /* RequestFormExtension.swift */,
				802053981C7A8C7D009E26E9 /* RequestData+Target.swift */,
				8020539A1C7A8C87009E26E9 /* RequestData+Test.swift */,
			);
			name = Request;
			sourceTree = "<group>";
		};
		C304C8B11C63053C00058C92 /* Response */ = {
			isa = PBXGroup;
			children = (
				C352E6DA1C62BC6A00E26467 /* Response.swift */,
				C352E6DB1C62BC6A00E26467 /* ResponseConvertible.swift */,
			);
			name = Response;
			sourceTree = "<group>";
		};
		C304C8B21C63054400058C92 /* Routing */ = {
			isa = PBXGroup;
			children = (
				C352E6D31C62BC6A00E26467 /* Controller.swift */,
				C352E6DC1C62BC6A00E26467 /* Route.swift */,
				C352E6DD1C62BC6A00E26467 /* NodeRouter.swift */,
				C304C8B41C6306B100058C92 /* RouterDriver.swift */,
			);
			name = Routing;
			sourceTree = "<group>";
		};
		C352E6781C62BB0F00E26467 = {
			isa = PBXGroup;
			children = (
				C352E7151C62BED500E26467 /* .gitignore */,
				C304C8A01C62C3F400058C92 /* .travis.yml */,
				C352E7141C62BE6900E26467 /* Package.swift */,
				C352E7131C62BDE200E26467 /* README.md */,
				C352E7111C62BCF300E26467 /* Resources */,
				C352E70B1C62BCC600E26467 /* Public */,
				C352E6D11C62BC6A00E26467 /* Sources */,
				C352E6901C62BB1C00E26467 /* Tests */,
				C352E6821C62BB0F00E26467 /* Products */,
			);
			sourceTree = "<group>";
		};
		C352E6821C62BB0F00E26467 /* Products */ = {
			isa = PBXGroup;
			children = (
				C352E6811C62BB0F00E26467 /* Vapor */,
				C352E68F1C62BB1C00E26467 /* Tests.xctest */,
			);
			name = Products;
			sourceTree = "<group>";
		};
		C352E6901C62BB1C00E26467 /* Tests */ = {
			isa = PBXGroup;
			children = (
				802030041C77F82B009B8655 /* Branch.swift */,
				802030051C77F82B009B8655 /* Router.swift */,
				C352E6931C62BB1C00E26467 /* Info.plist */,
				C38808631C62C0390067DADD /* ResponseTests.swift */,
				C3943DC21C7663E80014F4EE /* RouterTests.swift */,
				3492B2EE1C787DD600D8E588 /* RouteTests.swift */,
			);
			path = Tests;
			sourceTree = "<group>";
		};
		C352E6D11C62BC6A00E26467 /* Sources */ = {
			isa = PBXGroup;
			children = (
				80202FFF1C77C94C009B8655 /* Json */,
				C377F2ED1C696C9B00DABD21 /* View */,
				C304C8B21C63054400058C92 /* Routing */,
				C304C8B01C63053500058C92 /* Request */,
				C304C8B11C63053C00058C92 /* Response */,
				C304C8AD1C63048200058C92 /* Server */,
				C304C8AE1C63050900058C92 /* Session */,
				C3EDEA7E1C683DC300754727 /* Middleware */,
				C3EDEA821C68419B00754727 /* Crypto */,
				C304C8AF1C63051E00058C92 /* Fixes */,
			);
			path = Sources;
			sourceTree = "<group>";
		};
		C352E70B1C62BCC600E26467 /* Public */ = {
			isa = PBXGroup;
			children = (
				C352E70C1C62BCC600E26467 /* images */,
				C352E70E1C62BCC600E26467 /* styles */,
			);
			path = Public;
			sourceTree = "<group>";
		};
		C352E70C1C62BCC600E26467 /* images */ = {
			isa = PBXGroup;
			children = (
				C352E70D1C62BCC600E26467 /* vapor-logo.png */,
			);
			path = images;
			sourceTree = "<group>";
		};
		C352E70E1C62BCC600E26467 /* styles */ = {
			isa = PBXGroup;
			children = (
				C352E70F1C62BCC600E26467 /* app.css */,
			);
			path = styles;
			sourceTree = "<group>";
		};
		C352E7111C62BCF300E26467 /* Resources */ = {
			isa = PBXGroup;
			children = (
				C352E7121C62BCF300E26467 /* welcome.html */,
			);
			path = Resources;
			sourceTree = "<group>";
		};
		C377F2ED1C696C9B00DABD21 /* View */ = {
			isa = PBXGroup;
			children = (
				C352E6E41C62BC6A00E26467 /* View.swift */,
				C377F2EE1C696CAB00DABD21 /* RenderDriver.swift */,
			);
			name = View;
			sourceTree = "<group>";
		};
		C3EDEA7E1C683DC300754727 /* Middleware */ = {
			isa = PBXGroup;
			children = (
				C3EDEA7A1C683A6C00754727 /* Middleware.swift */,
				C3EDEA7C1C683CE100754727 /* SessionMiddleware.swift */,
			);
			name = Middleware;
			sourceTree = "<group>";
		};
		C3EDEA821C68419B00754727 /* Crypto */ = {
			isa = PBXGroup;
			children = (
				C3EDEA7F1C68419800754727 /* String+SHA1.swift */,
				C3EDEA831C6842C700754727 /* Int+Random.swift */,
				C3EDEA861C68459300754727 /* Hash.swift */,
			);
			name = Crypto;
			sourceTree = "<group>";
		};
/* End PBXGroup section */

/* Begin PBXNativeTarget section */
		C352E6801C62BB0F00E26467 /* Vapor */ = {
			isa = PBXNativeTarget;
			buildConfigurationList = C352E6881C62BB0F00E26467 /* Build configuration list for PBXNativeTarget "Vapor" */;
			buildPhases = (
				C352E67D1C62BB0F00E26467 /* Sources */,
				C352E67E1C62BB0F00E26467 /* Frameworks */,
				C352E67F1C62BB0F00E26467 /* CopyFiles */,
			);
			buildRules = (
			);
			dependencies = (
			);
			name = Vapor;
			productName = Vapor;
			productReference = C352E6811C62BB0F00E26467 /* Vapor */;
			productType = "com.apple.product-type.tool";
		};
		C352E68E1C62BB1C00E26467 /* Tests */ = {
			isa = PBXNativeTarget;
			buildConfigurationList = C352E6941C62BB1C00E26467 /* Build configuration list for PBXNativeTarget "Tests" */;
			buildPhases = (
				C352E68B1C62BB1C00E26467 /* Sources */,
				C352E68C1C62BB1C00E26467 /* Frameworks */,
				C352E68D1C62BB1C00E26467 /* Resources */,
			);
			buildRules = (
			);
			dependencies = (
			);
			name = Tests;
			productName = Tests;
			productReference = C352E68F1C62BB1C00E26467 /* Tests.xctest */;
			productType = "com.apple.product-type.bundle.unit-test";
		};
/* End PBXNativeTarget section */

/* Begin PBXProject section */
		C352E6791C62BB0F00E26467 /* Project object */ = {
			isa = PBXProject;
			attributes = {
				LastSwiftUpdateCheck = 0720;
				LastUpgradeCheck = 0720;
				ORGANIZATIONNAME = "Tanner Nelson";
				TargetAttributes = {
					C352E6801C62BB0F00E26467 = {
						CreatedOnToolsVersion = 7.2;
					};
					C352E68E1C62BB1C00E26467 = {
						CreatedOnToolsVersion = 7.2;
					};
				};
			};
			buildConfigurationList = C352E67C1C62BB0F00E26467 /* Build configuration list for PBXProject "Vapor" */;
			compatibilityVersion = "Xcode 3.2";
			developmentRegion = English;
			hasScannedForEncodings = 0;
			knownRegions = (
				en,
			);
			mainGroup = C352E6781C62BB0F00E26467;
			productRefGroup = C352E6821C62BB0F00E26467 /* Products */;
			projectDirPath = "";
			projectRoot = "";
			targets = (
				C352E6801C62BB0F00E26467 /* Vapor */,
				C352E68E1C62BB1C00E26467 /* Tests */,
			);
		};
/* End PBXProject section */

/* Begin PBXResourcesBuildPhase section */
		C352E68D1C62BB1C00E26467 /* Resources */ = {
			isa = PBXResourcesBuildPhase;
			buildActionMask = 2147483647;
			files = (
			);
			runOnlyForDeploymentPostprocessing = 0;
		};
/* End PBXResourcesBuildPhase section */

/* Begin PBXSourcesBuildPhase section */
		C352E67D1C62BB0F00E26467 /* Sources */ = {
			isa = PBXSourcesBuildPhase;
			buildActionMask = 2147483647;
			files = (
				C352E6FF1C62BC6A00E26467 /* Session.swift in Sources */,
				C352E7011C62BC6A00E26467 /* Socket.swift in Sources */,
				C3EDEA7D1C683CE100754727 /* SessionMiddleware.swift in Sources */,
				C304C8AA1C62FCA300058C92 /* RequestFormExtension.swift in Sources */,
				C352E6F31C62BC6A00E26467 /* Request.swift in Sources */,
				C352E6F91C62BC6A00E26467 /* Route.swift in Sources */,
				802053991C7A8C7D009E26E9 /* RequestData+Target.swift in Sources */,
				C304C8B51C6306B100058C92 /* RouterDriver.swift in Sources */,
				C3EDEA871C68459300754727 /* Hash.swift in Sources */,
				C352E7091C62BC6A00E26467 /* View.swift in Sources */,
				C352E6EF1C62BC6A00E26467 /* MemorySessionDriver.swift in Sources */,
				C377F2EF1C696CAB00DABD21 /* RenderDriver.swift in Sources */,
				C352E6FB1C62BC6A00E26467 /* NodeRouter.swift in Sources */,
				C352E6F51C62BC6A00E26467 /* Response.swift in Sources */,
				C352E6E91C62BC6A00E26467 /* JSONSerializer.swift in Sources */,
				802030011C77C956009B8655 /* Vapor+Json.swift in Sources */,
				C352E6EB1C62BC6A00E26467 /* LinuxFixes.swift in Sources */,
				C352E6E71C62BC6A00E26467 /* Controller.swift in Sources */,
				C304C8A71C62D65200058C92 /* ServerDriver.swift in Sources */,
				C352E6F71C62BC6A00E26467 /* ResponseConvertible.swift in Sources */,
				C352E7031C62BC6A00E26467 /* SocketServer.swift in Sources */,
				C3EDEA801C68419800754727 /* String+SHA1.swift in Sources */,
				C3EDEA7B1C683A6C00754727 /* Middleware.swift in Sources */,
				C352E6FD1C62BC6A00E26467 /* Server.swift in Sources */,
				C3EDEA841C6842C700754727 /* Int+Random.swift in Sources */,
				C352E6F11C62BC6A00E26467 /* SocketParser.swift in Sources */,
				C352E7051C62BC6A00E26467 /* StringExtensions.swift in Sources */,
			);
			runOnlyForDeploymentPostprocessing = 0;
		};
		C352E68B1C62BB1C00E26467 /* Sources */ = {
			isa = PBXSourcesBuildPhase;
			buildActionMask = 2147483647;
			files = (
				C352E7021C62BC6A00E26467 /* Socket.swift in Sources */,
				C352E6FE1C62BC6A00E26467 /* Server.swift in Sources */,
				C352E6E81C62BC6A00E26467 /* Controller.swift in Sources */,
				C304C8B61C6306B100058C92 /* RouterDriver.swift in Sources */,
				C352E6EC1C62BC6A00E26467 /* LinuxFixes.swift in Sources */,
				C38808641C62C0390067DADD /* ResponseTests.swift in Sources */,
				C352E6F81C62BC6A00E26467 /* ResponseConvertible.swift in Sources */,
				C352E6F01C62BC6A00E26467 /* MemorySessionDriver.swift in Sources */,
				C352E7001C62BC6A00E26467 /* Session.swift in Sources */,
				3492B2EF1C787DD600D8E588 /* RouteTests.swift in Sources */,
				C3943DC41C7664D90014F4EE /* Middleware.swift in Sources */,
				C352E6F61C62BC6A00E26467 /* Response.swift in Sources */,
				C3943DC31C7663E80014F4EE /* RouterTests.swift in Sources */,
				C3EDEA851C6842C700754727 /* Int+Random.swift in Sources */,
				C352E6F21C62BC6A00E26467 /* SocketParser.swift in Sources */,
				C304C8AB1C62FCA300058C92 /* RequestFormExtension.swift in Sources */,
				C304C8A81C62D65200058C92 /* ServerDriver.swift in Sources */,
				C352E70A1C62BC6A00E26467 /* View.swift in Sources */,
				C352E7061C62BC6A00E26467 /* StringExtensions.swift in Sources */,
				802030061C77F82B009B8655 /* Branch.swift in Sources */,
				C377F2F01C696CAB00DABD21 /* RenderDriver.swift in Sources */,
				C352E6FA1C62BC6A00E26467 /* Route.swift in Sources */,
				802030071C77F82B009B8655 /* Router.swift in Sources */,
				C352E6F41C62BC6A00E26467 /* Request.swift in Sources */,
				C352E7041C62BC6A00E26467 /* SocketServer.swift in Sources */,
				C3EDEA881C68459300754727 /* Hash.swift in Sources */,
				C3943DC51C7664D90014F4EE /* SessionMiddleware.swift in Sources */,
				8020539B1C7A8C87009E26E9 /* RequestData+Test.swift in Sources */,
				C3EDEA811C68419800754727 /* String+SHA1.swift in Sources */,
				C352E6EA1C62BC6A00E26467 /* JSONSerializer.swift in Sources */,
				C352E6FC1C62BC6A00E26467 /* NodeRouter.swift in Sources */,
			);
			runOnlyForDeploymentPostprocessing = 0;
		};
/* End PBXSourcesBuildPhase section */

/* Begin XCBuildConfiguration section */
		C352E6861C62BB0F00E26467 /* Debug */ = {
			isa = XCBuildConfiguration;
			buildSettings = {
				ALWAYS_SEARCH_USER_PATHS = NO;
				CLANG_CXX_LANGUAGE_STANDARD = "gnu++0x";
				CLANG_CXX_LIBRARY = "libc++";
				CLANG_ENABLE_MODULES = YES;
				CLANG_ENABLE_OBJC_ARC = YES;
				CLANG_WARN_BOOL_CONVERSION = YES;
				CLANG_WARN_CONSTANT_CONVERSION = YES;
				CLANG_WARN_DIRECT_OBJC_ISA_USAGE = YES_ERROR;
				CLANG_WARN_EMPTY_BODY = YES;
				CLANG_WARN_ENUM_CONVERSION = YES;
				CLANG_WARN_INT_CONVERSION = YES;
				CLANG_WARN_OBJC_ROOT_CLASS = YES_ERROR;
				CLANG_WARN_UNREACHABLE_CODE = YES;
				CLANG_WARN__DUPLICATE_METHOD_MATCH = YES;
				CODE_SIGN_IDENTITY = "-";
				COPY_PHASE_STRIP = NO;
				DEBUG_INFORMATION_FORMAT = dwarf;
				ENABLE_STRICT_OBJC_MSGSEND = YES;
				ENABLE_TESTABILITY = YES;
				GCC_C_LANGUAGE_STANDARD = gnu99;
				GCC_DYNAMIC_NO_PIC = NO;
				GCC_NO_COMMON_BLOCKS = YES;
				GCC_OPTIMIZATION_LEVEL = 0;
				GCC_PREPROCESSOR_DEFINITIONS = (
					"DEBUG=1",
					"$(inherited)",
				);
				GCC_WARN_64_TO_32_BIT_CONVERSION = YES;
				GCC_WARN_ABOUT_RETURN_TYPE = YES_ERROR;
				GCC_WARN_UNDECLARED_SELECTOR = YES;
				GCC_WARN_UNINITIALIZED_AUTOS = YES_AGGRESSIVE;
				GCC_WARN_UNUSED_FUNCTION = YES;
				GCC_WARN_UNUSED_VARIABLE = YES;
				MACOSX_DEPLOYMENT_TARGET = 10.11;
				MTL_ENABLE_DEBUG_INFO = YES;
				ONLY_ACTIVE_ARCH = YES;
				SDKROOT = macosx;
				SWIFT_OPTIMIZATION_LEVEL = "-Onone";
			};
			name = Debug;
		};
		C352E6871C62BB0F00E26467 /* Release */ = {
			isa = XCBuildConfiguration;
			buildSettings = {
				ALWAYS_SEARCH_USER_PATHS = NO;
				CLANG_CXX_LANGUAGE_STANDARD = "gnu++0x";
				CLANG_CXX_LIBRARY = "libc++";
				CLANG_ENABLE_MODULES = YES;
				CLANG_ENABLE_OBJC_ARC = YES;
				CLANG_WARN_BOOL_CONVERSION = YES;
				CLANG_WARN_CONSTANT_CONVERSION = YES;
				CLANG_WARN_DIRECT_OBJC_ISA_USAGE = YES_ERROR;
				CLANG_WARN_EMPTY_BODY = YES;
				CLANG_WARN_ENUM_CONVERSION = YES;
				CLANG_WARN_INT_CONVERSION = YES;
				CLANG_WARN_OBJC_ROOT_CLASS = YES_ERROR;
				CLANG_WARN_UNREACHABLE_CODE = YES;
				CLANG_WARN__DUPLICATE_METHOD_MATCH = YES;
				CODE_SIGN_IDENTITY = "-";
				COPY_PHASE_STRIP = NO;
				DEBUG_INFORMATION_FORMAT = "dwarf-with-dsym";
				ENABLE_NS_ASSERTIONS = NO;
				ENABLE_STRICT_OBJC_MSGSEND = YES;
				GCC_C_LANGUAGE_STANDARD = gnu99;
				GCC_NO_COMMON_BLOCKS = YES;
				GCC_WARN_64_TO_32_BIT_CONVERSION = YES;
				GCC_WARN_ABOUT_RETURN_TYPE = YES_ERROR;
				GCC_WARN_UNDECLARED_SELECTOR = YES;
				GCC_WARN_UNINITIALIZED_AUTOS = YES_AGGRESSIVE;
				GCC_WARN_UNUSED_FUNCTION = YES;
				GCC_WARN_UNUSED_VARIABLE = YES;
				MACOSX_DEPLOYMENT_TARGET = 10.11;
				MTL_ENABLE_DEBUG_INFO = NO;
				SDKROOT = macosx;
			};
			name = Release;
		};
		C352E6891C62BB0F00E26467 /* Debug */ = {
			isa = XCBuildConfiguration;
			buildSettings = {
				CLANG_ENABLE_MODULES = YES;
				LD_RUNPATH_SEARCH_PATHS = "$(inherited) @executable_path/../Frameworks @loader_path/../Frameworks";
				PRODUCT_NAME = "$(TARGET_NAME)";
				SWIFT_INCLUDE_PATHS = "$(SRCROOT)/.build/debug";
				SWIFT_OPTIMIZATION_LEVEL = "-Onone";
			};
			name = Debug;
		};
		C352E68A1C62BB0F00E26467 /* Release */ = {
			isa = XCBuildConfiguration;
			buildSettings = {
				CLANG_ENABLE_MODULES = YES;
				LD_RUNPATH_SEARCH_PATHS = "$(inherited) @executable_path/../Frameworks @loader_path/../Frameworks";
				PRODUCT_NAME = "$(TARGET_NAME)";
				SWIFT_INCLUDE_PATHS = "$(SRCROOT)/.build/release";
			};
			name = Release;
		};
		C352E6951C62BB1C00E26467 /* Debug */ = {
			isa = XCBuildConfiguration;
			buildSettings = {
				COMBINE_HIDPI_IMAGES = YES;
				INFOPLIST_FILE = Tests/Info.plist;
				LD_RUNPATH_SEARCH_PATHS = "$(inherited) @executable_path/../Frameworks @loader_path/../Frameworks";
				PRODUCT_BUNDLE_IDENTIFIER = com.tannernelson.Tests;
				PRODUCT_NAME = "$(TARGET_NAME)";
				SWIFT_INCLUDE_PATHS = "$(SRCROOT)/.build/debug";
			};
			name = Debug;
		};
		C352E6961C62BB1C00E26467 /* Release */ = {
			isa = XCBuildConfiguration;
			buildSettings = {
				COMBINE_HIDPI_IMAGES = YES;
				INFOPLIST_FILE = Tests/Info.plist;
				LD_RUNPATH_SEARCH_PATHS = "$(inherited) @executable_path/../Frameworks @loader_path/../Frameworks";
				PRODUCT_BUNDLE_IDENTIFIER = com.tannernelson.Tests;
				PRODUCT_NAME = "$(TARGET_NAME)";
				SWIFT_INCLUDE_PATHS = "$(SRCROOT)/.build/release";
			};
			name = Release;
		};
/* End XCBuildConfiguration section */

/* Begin XCConfigurationList section */
		C352E67C1C62BB0F00E26467 /* Build configuration list for PBXProject "Vapor" */ = {
			isa = XCConfigurationList;
			buildConfigurations = (
				C352E6861C62BB0F00E26467 /* Debug */,
				C352E6871C62BB0F00E26467 /* Release */,
			);
			defaultConfigurationIsVisible = 0;
			defaultConfigurationName = Release;
		};
		C352E6881C62BB0F00E26467 /* Build configuration list for PBXNativeTarget "Vapor" */ = {
			isa = XCConfigurationList;
			buildConfigurations = (
				C352E6891C62BB0F00E26467 /* Debug */,
				C352E68A1C62BB0F00E26467 /* Release */,
			);
			defaultConfigurationIsVisible = 0;
			defaultConfigurationName = Release;
		};
		C352E6941C62BB1C00E26467 /* Build configuration list for PBXNativeTarget "Tests" */ = {
			isa = XCConfigurationList;
			buildConfigurations = (
				C352E6951C62BB1C00E26467 /* Debug */,
				C352E6961C62BB1C00E26467 /* Release */,
			);
			defaultConfigurationIsVisible = 0;
			defaultConfigurationName = Release;
		};
/* End XCConfigurationList section */
	};
	rootObject = C352E6791C62BB0F00E26467 /* Project object */;
}
