// !$*UTF8*$!
{
	archiveVersion = 1;
	classes = {
	};
	objectVersion = 46;
	objects = {

/* Begin PBXBuildFile section */
		1AD708021C8E6A9500F17339 /* SessionTests.swift in Sources */ = {isa = PBXBuildFile; fileRef = 1AD708011C8E6A9500F17339 /* SessionTests.swift */; };
		1AF2F51B1C89DE2A00A7B2EA /* MemorySessionDriverTests.swift in Sources */ = {isa = PBXBuildFile; fileRef = 1AF2F51A1C89DE2A00A7B2EA /* MemorySessionDriverTests.swift */; };
		3492B2EF1C787DD600D8E588 /* RouteTests.swift in Sources */ = {isa = PBXBuildFile; fileRef = 3492B2EE1C787DD600D8E588 /* RouteTests.swift */; };
		34CC59561C7BE3C9007CA680 /* LogTests.swift in Sources */ = {isa = PBXBuildFile; fileRef = 34CC59551C7BE3C9007CA680 /* LogTests.swift */; };
		3A583A011C7FCA720044AAFF /* libVapor.dylib in Frameworks */ = {isa = PBXBuildFile; fileRef = 3A583A001C7FCA720044AAFF /* libVapor.dylib */; };
		3A659FC71C805E3B00C105F5 /* libJay.dylib in Frameworks */ = {isa = PBXBuildFile; fileRef = 3A659FC61C805E3B00C105F5 /* libJay.dylib */; };
		3A91D3CF1C7F6AF900EA3CA0 /* Vapor.h in Headers */ = {isa = PBXBuildFile; fileRef = 3A91D3CE1C7F6AF900EA3CA0 /* Vapor.h */; settings = {ATTRIBUTES = (Public, ); }; };
		3AEEF41D1C7F6D4A0099CBAE /* Vapor.framework in Frameworks */ = {isa = PBXBuildFile; fileRef = 3A91D3CC1C7F6AF900EA3CA0 /* Vapor.framework */; };
		3AEEF4531C7F72C30099CBAE /* main.swift in Sources */ = {isa = PBXBuildFile; fileRef = 3AEEF4181C7F6CBF0099CBAE /* main.swift */; };
		800EFA581C8231EE00F6C066 /* ProcessTests.swift in Sources */ = {isa = PBXBuildFile; fileRef = 800EFA571C8231EE00F6C066 /* ProcessTests.swift */; };
		800EFA5A1C83A00300F6C066 /* QueryParametersTests.swift in Sources */ = {isa = PBXBuildFile; fileRef = 800EFA591C83A00300F6C066 /* QueryParametersTests.swift */; };
		8087DB591C9505E0002E57CC /* JeevesTests.swift in Sources */ = {isa = PBXBuildFile; fileRef = 8087DB581C9505E0002E57CC /* JeevesTests.swift */; };
		C31A82AD1C9F4AB8005F1DBE /* Config.swift in Sources */ = {isa = PBXBuildFile; fileRef = C31A826E1C9F4AB8005F1DBE /* Config.swift */; };
		C31A82AE1C9F4AB8005F1DBE /* Abort.swift in Sources */ = {isa = PBXBuildFile; fileRef = C31A82701C9F4AB8005F1DBE /* Abort.swift */; };
		C31A82AF1C9F4AB8005F1DBE /* Application.swift in Sources */ = {isa = PBXBuildFile; fileRef = C31A82711C9F4AB8005F1DBE /* Application.swift */; };
		C31A82B01C9F4AB8005F1DBE /* Environment.swift in Sources */ = {isa = PBXBuildFile; fileRef = C31A82721C9F4AB8005F1DBE /* Environment.swift */; };
		C31A82B11C9F4AB8005F1DBE /* Generated.swift in Sources */ = {isa = PBXBuildFile; fileRef = C31A82731C9F4AB8005F1DBE /* Generated.swift */; };
		C31A82B21C9F4AB8005F1DBE /* Provider.swift in Sources */ = {isa = PBXBuildFile; fileRef = C31A82741C9F4AB8005F1DBE /* Provider.swift */; };
		C31A82B31C9F4AB8005F1DBE /* FileManager.swift in Sources */ = {isa = PBXBuildFile; fileRef = C31A82761C9F4AB8005F1DBE /* FileManager.swift */; };
		C31A82B41C9F4AB8005F1DBE /* StringExtensions.swift in Sources */ = {isa = PBXBuildFile; fileRef = C31A82771C9F4AB8005F1DBE /* StringExtensions.swift */; };
		C31A82B51C9F4AB8005F1DBE /* CryptoSwift.swift in Sources */ = {isa = PBXBuildFile; fileRef = C31A82791C9F4AB8005F1DBE /* CryptoSwift.swift */; };
		C31A82B61C9F4AB8005F1DBE /* Hash.swift in Sources */ = {isa = PBXBuildFile; fileRef = C31A827A1C9F4AB8005F1DBE /* Hash.swift */; };
		C31A82B71C9F4AB8005F1DBE /* Int+Random.swift in Sources */ = {isa = PBXBuildFile; fileRef = C31A827B1C9F4AB8005F1DBE /* Int+Random.swift */; };
		C31A82B81C9F4AB8005F1DBE /* SHA256Hasher.swift in Sources */ = {isa = PBXBuildFile; fileRef = C31A827C1C9F4AB8005F1DBE /* SHA256Hasher.swift */; };
		C31A82B91C9F4AB8005F1DBE /* JSON+Merging.swift in Sources */ = {isa = PBXBuildFile; fileRef = C31A827E1C9F4AB8005F1DBE /* JSON+Merging.swift */; };
		C31A82BA1C9F4AB8005F1DBE /* JSONSerializer.swift in Sources */ = {isa = PBXBuildFile; fileRef = C31A827F1C9F4AB8005F1DBE /* JSONSerializer.swift */; };
		C31A82BB1C9F4AB8005F1DBE /* Vapor+JSON.swift in Sources */ = {isa = PBXBuildFile; fileRef = C31A82801C9F4AB8005F1DBE /* Vapor+JSON.swift */; };
		C31A82BC1C9F4AB8005F1DBE /* Log.swift in Sources */ = {isa = PBXBuildFile; fileRef = C31A82821C9F4AB8005F1DBE /* Log.swift */; };
		C31A82BD1C9F4AB8005F1DBE /* LogDriver.swift in Sources */ = {isa = PBXBuildFile; fileRef = C31A82831C9F4AB8005F1DBE /* LogDriver.swift */; };
		C31A82BE1C9F4AB8005F1DBE /* AbortMiddleware.swift in Sources */ = {isa = PBXBuildFile; fileRef = C31A82851C9F4AB8005F1DBE /* AbortMiddleware.swift */; };
		C31A82BF1C9F4AB8005F1DBE /* Middleware.swift in Sources */ = {isa = PBXBuildFile; fileRef = C31A82861C9F4AB8005F1DBE /* Middleware.swift */; };
		C31A82C01C9F4AB8005F1DBE /* Process.swift in Sources */ = {isa = PBXBuildFile; fileRef = C31A82881C9F4AB8005F1DBE /* Process.swift */; };
		C31A82C11C9F4AB8005F1DBE /* Request.swift in Sources */ = {isa = PBXBuildFile; fileRef = C31A828A1C9F4AB8005F1DBE /* Request.swift */; };
		C31A82C21C9F4AB8005F1DBE /* RequestData.swift in Sources */ = {isa = PBXBuildFile; fileRef = C31A828B1C9F4AB8005F1DBE /* RequestData.swift */; };
		C31A82C31C9F4AB8005F1DBE /* Response.swift in Sources */ = {isa = PBXBuildFile; fileRef = C31A828D1C9F4AB8005F1DBE /* Response.swift */; };
		C31A82C41C9F4AB8005F1DBE /* ResponseConvertible.swift in Sources */ = {isa = PBXBuildFile; fileRef = C31A828E1C9F4AB8005F1DBE /* ResponseConvertible.swift */; };
		C31A82C51C9F4AB8005F1DBE /* Branch.swift in Sources */ = {isa = PBXBuildFile; fileRef = C31A82901C9F4AB8005F1DBE /* Branch.swift */; };
		C31A82C61C9F4AB8005F1DBE /* BranchRouter.swift in Sources */ = {isa = PBXBuildFile; fileRef = C31A82911C9F4AB8005F1DBE /* BranchRouter.swift */; };
		C31A82C71C9F4AB8005F1DBE /* RouterDriver.swift in Sources */ = {isa = PBXBuildFile; fileRef = C31A82921C9F4AB8005F1DBE /* RouterDriver.swift */; };
		C31A82C81C9F4AB8005F1DBE /* Application+Route.swift in Sources */ = {isa = PBXBuildFile; fileRef = C31A82941C9F4AB8005F1DBE /* Application+Route.swift */; };
		C31A82C91C9F4AB8005F1DBE /* DefaultInitializable.swift in Sources */ = {isa = PBXBuildFile; fileRef = C31A82951C9F4AB8005F1DBE /* DefaultInitializable.swift */; };
		C31A82CA1C9F4AB8005F1DBE /* ResourceController.swift in Sources */ = {isa = PBXBuildFile; fileRef = C31A82961C9F4AB8005F1DBE /* ResourceController.swift */; };
		C31A82CB1C9F4AB8005F1DBE /* Route.swift in Sources */ = {isa = PBXBuildFile; fileRef = C31A82971C9F4AB8005F1DBE /* Route.swift */; };
		C31A82CC1C9F4AB8005F1DBE /* Hummingbird+Socket.swift in Sources */ = {isa = PBXBuildFile; fileRef = C31A82991C9F4AB8005F1DBE /* Hummingbird+Socket.swift */; };
		C31A82CD1C9F4AB8005F1DBE /* Hummingbird.swift in Sources */ = {isa = PBXBuildFile; fileRef = C31A829A1C9F4AB8005F1DBE /* Hummingbird.swift */; };
		C31A82CE1C9F4AB8005F1DBE /* Jeeves.swift in Sources */ = {isa = PBXBuildFile; fileRef = C31A829B1C9F4AB8005F1DBE /* Jeeves.swift */; };
		C31A82CF1C9F4AB8005F1DBE /* RequestHeader.swift in Sources */ = {isa = PBXBuildFile; fileRef = C31A829C1C9F4AB8005F1DBE /* RequestHeader.swift */; };
		C31A82D01C9F4AB8005F1DBE /* ServerDriver.swift in Sources */ = {isa = PBXBuildFile; fileRef = C31A829D1C9F4AB8005F1DBE /* ServerDriver.swift */; };
		C31A82D11C9F4AB8005F1DBE /* Socket.swift in Sources */ = {isa = PBXBuildFile; fileRef = C31A829E1C9F4AB8005F1DBE /* Socket.swift */; };
		C31A82D21C9F4AB8005F1DBE /* MemorySessionDriver.swift in Sources */ = {isa = PBXBuildFile; fileRef = C31A82A01C9F4AB8005F1DBE /* MemorySessionDriver.swift */; };
		C31A82D31C9F4AB8005F1DBE /* Session.swift in Sources */ = {isa = PBXBuildFile; fileRef = C31A82A11C9F4AB8005F1DBE /* Session.swift */; };
		C31A82D41C9F4AB8005F1DBE /* SessionDriver.swift in Sources */ = {isa = PBXBuildFile; fileRef = C31A82A21C9F4AB8005F1DBE /* SessionDriver.swift */; };
		C31A82D51C9F4AB8005F1DBE /* SessionMiddleware.swift in Sources */ = {isa = PBXBuildFile; fileRef = C31A82A31C9F4AB8005F1DBE /* SessionMiddleware.swift */; };
		C31A82D61C9F4AB8005F1DBE /* Character+Extensions.swift in Sources */ = {isa = PBXBuildFile; fileRef = C31A82A51C9F4AB8005F1DBE /* Character+Extensions.swift */; };
		C31A82D71C9F4AB8005F1DBE /* Dispatch.swift in Sources */ = {isa = PBXBuildFile; fileRef = C31A82A61C9F4AB8005F1DBE /* Dispatch.swift */; };
		C31A82D81C9F4AB8005F1DBE /* Lock.swift in Sources */ = {isa = PBXBuildFile; fileRef = C31A82A71C9F4AB8005F1DBE /* Lock.swift */; };
		C31A82D91C9F4AB8005F1DBE /* S4.swift in Sources */ = {isa = PBXBuildFile; fileRef = C31A82A81C9F4AB8005F1DBE /* S4.swift */; };
		C31A82DA1C9F4AB8005F1DBE /* ThreadSafeStore.swift in Sources */ = {isa = PBXBuildFile; fileRef = C31A82A91C9F4AB8005F1DBE /* ThreadSafeStore.swift */; };
		C31A82DB1C9F4AB8005F1DBE /* RenderDriver.swift in Sources */ = {isa = PBXBuildFile; fileRef = C31A82AB1C9F4AB8005F1DBE /* RenderDriver.swift */; };
		C31A82DC1C9F4AB8005F1DBE /* View.swift in Sources */ = {isa = PBXBuildFile; fileRef = C31A82AC1C9F4AB8005F1DBE /* View.swift */; };
		C31A82DE1C9F4AFB005F1DBE /* libHummingbird.dylib in Frameworks */ = {isa = PBXBuildFile; fileRef = C31A82DD1C9F4AFB005F1DBE /* libHummingbird.dylib */; };
		C3433FD41C7D119D009F0876 /* HashTests.swift in Sources */ = {isa = PBXBuildFile; fileRef = C3433FD21C7D119D009F0876 /* HashTests.swift */; };
		C3691FE01C98BEDA00C680DE /* EnvironmentTests.swift in Sources */ = {isa = PBXBuildFile; fileRef = C3691FDF1C98BEDA00C680DE /* EnvironmentTests.swift */; };
		C3691FE21C98C47F00C680DE /* TypedRouteTests.swift in Sources */ = {isa = PBXBuildFile; fileRef = C3691FE11C98C47F00C680DE /* TypedRouteTests.swift */; };
		C387A0431C95FEBA00B6282E /* main.swift in Sources */ = {isa = PBXBuildFile; fileRef = C387A0361C95FDFE00B6282E /* main.swift */; };
		C38808641C62C0390067DADD /* ResponseTests.swift in Sources */ = {isa = PBXBuildFile; fileRef = C38808631C62C0390067DADD /* ResponseTests.swift */; };
		C3943DC31C7663E80014F4EE /* RouterTests.swift in Sources */ = {isa = PBXBuildFile; fileRef = C3943DC21C7663E80014F4EE /* RouterTests.swift */; };
		C3DFB55D1C80C2860045801C /* MyController.swift in Sources */ = {isa = PBXBuildFile; fileRef = C3DFB5541C80C2860045801C /* MyController.swift */; };
		C3F683361C7D1EF300033AA2 /* ControllerTests.swift in Sources */ = {isa = PBXBuildFile; fileRef = C3F683351C7D1EF300033AA2 /* ControllerTests.swift */; };
/* End PBXBuildFile section */

/* Begin PBXContainerItemProxy section */
		3AEEF41B1C7F6D420099CBAE /* PBXContainerItemProxy */ = {
			isa = PBXContainerItemProxy;
			containerPortal = C352E6791C62BB0F00E26467 /* Project object */;
			proxyType = 1;
			remoteGlobalIDString = 3A91D3CB1C7F6AF900EA3CA0;
			remoteInfo = Vapor;
		};
/* End PBXContainerItemProxy section */

/* Begin PBXCopyFilesBuildPhase section */
		3AEEF4481C7F71080099CBAE /* CopyFiles */ = {
			isa = PBXCopyFilesBuildPhase;
			buildActionMask = 2147483647;
			dstPath = /usr/share/man/man1/;
			dstSubfolderSpec = 0;
			files = (
			);
			runOnlyForDeploymentPostprocessing = 1;
		};
		C387A0391C95FE1300B6282E /* CopyFiles */ = {
			isa = PBXCopyFilesBuildPhase;
			buildActionMask = 2147483647;
			dstPath = /usr/share/man/man1/;
			dstSubfolderSpec = 0;
			files = (
			);
			runOnlyForDeploymentPostprocessing = 1;
		};
/* End PBXCopyFilesBuildPhase section */

/* Begin PBXFileReference section */
		1AD708011C8E6A9500F17339 /* SessionTests.swift */ = {isa = PBXFileReference; fileEncoding = 4; lastKnownFileType = sourcecode.swift; name = SessionTests.swift; path = ../../Tests/Vapor/SessionTests.swift; sourceTree = "<group>"; };
		1AF2F51A1C89DE2A00A7B2EA /* MemorySessionDriverTests.swift */ = {isa = PBXFileReference; fileEncoding = 4; lastKnownFileType = sourcecode.swift; name = MemorySessionDriverTests.swift; path = ../../Tests/Vapor/MemorySessionDriverTests.swift; sourceTree = "<group>"; };
		3492B2EE1C787DD600D8E588 /* RouteTests.swift */ = {isa = PBXFileReference; fileEncoding = 4; lastKnownFileType = sourcecode.swift; name = RouteTests.swift; path = ../Tests/Vapor/RouteTests.swift; sourceTree = SOURCE_ROOT; };
		34CC59551C7BE3C9007CA680 /* LogTests.swift */ = {isa = PBXFileReference; fileEncoding = 4; lastKnownFileType = sourcecode.swift; name = LogTests.swift; path = ../Tests/Vapor/LogTests.swift; sourceTree = SOURCE_ROOT; };
		3A583A001C7FCA720044AAFF /* libVapor.dylib */ = {isa = PBXFileReference; lastKnownFileType = "compiled.mach-o.dylib"; name = libVapor.dylib; path = ../.build/debug/libVapor.dylib; sourceTree = "<group>"; };
		3A659FC61C805E3B00C105F5 /* libJay.dylib */ = {isa = PBXFileReference; lastKnownFileType = "compiled.mach-o.dylib"; name = libJay.dylib; path = ../.build/debug/libJay.dylib; sourceTree = "<group>"; };
		3A91D3CC1C7F6AF900EA3CA0 /* Vapor.framework */ = {isa = PBXFileReference; explicitFileType = wrapper.framework; includeInIndex = 0; path = Vapor.framework; sourceTree = BUILT_PRODUCTS_DIR; };
		3A91D3CE1C7F6AF900EA3CA0 /* Vapor.h */ = {isa = PBXFileReference; lastKnownFileType = sourcecode.c.h; path = Vapor.h; sourceTree = "<group>"; };
		3A91D3D01C7F6AF900EA3CA0 /* Info.plist */ = {isa = PBXFileReference; lastKnownFileType = text.plist.xml; path = Info.plist; sourceTree = "<group>"; };
		3AEEF4181C7F6CBF0099CBAE /* main.swift */ = {isa = PBXFileReference; fileEncoding = 4; lastKnownFileType = sourcecode.swift; name = main.swift; path = ../Sources/VaporDev/main.swift; sourceTree = SOURCE_ROOT; };
		3AEEF44A1C7F71080099CBAE /* VaporDev */ = {isa = PBXFileReference; explicitFileType = "compiled.mach-o.executable"; includeInIndex = 0; path = VaporDev; sourceTree = BUILT_PRODUCTS_DIR; };
		800EFA571C8231EE00F6C066 /* ProcessTests.swift */ = {isa = PBXFileReference; fileEncoding = 4; lastKnownFileType = sourcecode.swift; name = ProcessTests.swift; path = ../../Tests/Vapor/ProcessTests.swift; sourceTree = "<group>"; };
		800EFA591C83A00300F6C066 /* QueryParametersTests.swift */ = {isa = PBXFileReference; fileEncoding = 4; lastKnownFileType = sourcecode.swift; name = QueryParametersTests.swift; path = ../../Tests/Vapor/QueryParametersTests.swift; sourceTree = "<group>"; };
		8087DB581C9505E0002E57CC /* JeevesTests.swift */ = {isa = PBXFileReference; fileEncoding = 4; lastKnownFileType = sourcecode.swift; name = JeevesTests.swift; path = ../../Tests/Vapor/JeevesTests.swift; sourceTree = "<group>"; };
		C31A826E1C9F4AB8005F1DBE /* Config.swift */ = {isa = PBXFileReference; fileEncoding = 4; lastKnownFileType = sourcecode.swift; path = Config.swift; sourceTree = "<group>"; };
		C31A82701C9F4AB8005F1DBE /* Abort.swift */ = {isa = PBXFileReference; fileEncoding = 4; lastKnownFileType = sourcecode.swift; path = Abort.swift; sourceTree = "<group>"; };
		C31A82711C9F4AB8005F1DBE /* Application.swift */ = {isa = PBXFileReference; fileEncoding = 4; lastKnownFileType = sourcecode.swift; path = Application.swift; sourceTree = "<group>"; };
		C31A82721C9F4AB8005F1DBE /* Environment.swift */ = {isa = PBXFileReference; fileEncoding = 4; lastKnownFileType = sourcecode.swift; path = Environment.swift; sourceTree = "<group>"; };
		C31A82731C9F4AB8005F1DBE /* Generated.swift */ = {isa = PBXFileReference; fileEncoding = 4; lastKnownFileType = sourcecode.swift; path = Generated.swift; sourceTree = "<group>"; };
		C31A82741C9F4AB8005F1DBE /* Provider.swift */ = {isa = PBXFileReference; fileEncoding = 4; lastKnownFileType = sourcecode.swift; path = Provider.swift; sourceTree = "<group>"; };
		C31A82761C9F4AB8005F1DBE /* FileManager.swift */ = {isa = PBXFileReference; fileEncoding = 4; lastKnownFileType = sourcecode.swift; path = FileManager.swift; sourceTree = "<group>"; };
		C31A82771C9F4AB8005F1DBE /* StringExtensions.swift */ = {isa = PBXFileReference; fileEncoding = 4; lastKnownFileType = sourcecode.swift; path = StringExtensions.swift; sourceTree = "<group>"; };
		C31A82791C9F4AB8005F1DBE /* CryptoSwift.swift */ = {isa = PBXFileReference; fileEncoding = 4; lastKnownFileType = sourcecode.swift; path = CryptoSwift.swift; sourceTree = "<group>"; };
		C31A827A1C9F4AB8005F1DBE /* Hash.swift */ = {isa = PBXFileReference; fileEncoding = 4; lastKnownFileType = sourcecode.swift; path = Hash.swift; sourceTree = "<group>"; };
		C31A827B1C9F4AB8005F1DBE /* Int+Random.swift */ = {isa = PBXFileReference; fileEncoding = 4; lastKnownFileType = sourcecode.swift; path = "Int+Random.swift"; sourceTree = "<group>"; };
		C31A827C1C9F4AB8005F1DBE /* SHA256Hasher.swift */ = {isa = PBXFileReference; fileEncoding = 4; lastKnownFileType = sourcecode.swift; path = SHA256Hasher.swift; sourceTree = "<group>"; };
		C31A827E1C9F4AB8005F1DBE /* JSON+Merging.swift */ = {isa = PBXFileReference; fileEncoding = 4; lastKnownFileType = sourcecode.swift; path = "JSON+Merging.swift"; sourceTree = "<group>"; };
		C31A827F1C9F4AB8005F1DBE /* JSONSerializer.swift */ = {isa = PBXFileReference; fileEncoding = 4; lastKnownFileType = sourcecode.swift; path = JSONSerializer.swift; sourceTree = "<group>"; };
		C31A82801C9F4AB8005F1DBE /* Vapor+JSON.swift */ = {isa = PBXFileReference; fileEncoding = 4; lastKnownFileType = sourcecode.swift; path = "Vapor+JSON.swift"; sourceTree = "<group>"; };
		C31A82821C9F4AB8005F1DBE /* Log.swift */ = {isa = PBXFileReference; fileEncoding = 4; lastKnownFileType = sourcecode.swift; path = Log.swift; sourceTree = "<group>"; };
		C31A82831C9F4AB8005F1DBE /* LogDriver.swift */ = {isa = PBXFileReference; fileEncoding = 4; lastKnownFileType = sourcecode.swift; path = LogDriver.swift; sourceTree = "<group>"; };
		C31A82851C9F4AB8005F1DBE /* AbortMiddleware.swift */ = {isa = PBXFileReference; fileEncoding = 4; lastKnownFileType = sourcecode.swift; path = AbortMiddleware.swift; sourceTree = "<group>"; };
		C31A82861C9F4AB8005F1DBE /* Middleware.swift */ = {isa = PBXFileReference; fileEncoding = 4; lastKnownFileType = sourcecode.swift; path = Middleware.swift; sourceTree = "<group>"; };
		C31A82881C9F4AB8005F1DBE /* Process.swift */ = {isa = PBXFileReference; fileEncoding = 4; lastKnownFileType = sourcecode.swift; path = Process.swift; sourceTree = "<group>"; };
		C31A828A1C9F4AB8005F1DBE /* Request.swift */ = {isa = PBXFileReference; fileEncoding = 4; lastKnownFileType = sourcecode.swift; path = Request.swift; sourceTree = "<group>"; };
		C31A828B1C9F4AB8005F1DBE /* RequestData.swift */ = {isa = PBXFileReference; fileEncoding = 4; lastKnownFileType = sourcecode.swift; path = RequestData.swift; sourceTree = "<group>"; };
		C31A828D1C9F4AB8005F1DBE /* Response.swift */ = {isa = PBXFileReference; fileEncoding = 4; lastKnownFileType = sourcecode.swift; path = Response.swift; sourceTree = "<group>"; };
		C31A828E1C9F4AB8005F1DBE /* ResponseConvertible.swift */ = {isa = PBXFileReference; fileEncoding = 4; lastKnownFileType = sourcecode.swift; path = ResponseConvertible.swift; sourceTree = "<group>"; };
		C31A82901C9F4AB8005F1DBE /* Branch.swift */ = {isa = PBXFileReference; fileEncoding = 4; lastKnownFileType = sourcecode.swift; path = Branch.swift; sourceTree = "<group>"; };
		C31A82911C9F4AB8005F1DBE /* BranchRouter.swift */ = {isa = PBXFileReference; fileEncoding = 4; lastKnownFileType = sourcecode.swift; path = BranchRouter.swift; sourceTree = "<group>"; };
		C31A82921C9F4AB8005F1DBE /* RouterDriver.swift */ = {isa = PBXFileReference; fileEncoding = 4; lastKnownFileType = sourcecode.swift; path = RouterDriver.swift; sourceTree = "<group>"; };
		C31A82941C9F4AB8005F1DBE /* Application+Route.swift */ = {isa = PBXFileReference; fileEncoding = 4; lastKnownFileType = sourcecode.swift; path = "Application+Route.swift"; sourceTree = "<group>"; };
		C31A82951C9F4AB8005F1DBE /* DefaultInitializable.swift */ = {isa = PBXFileReference; fileEncoding = 4; lastKnownFileType = sourcecode.swift; path = DefaultInitializable.swift; sourceTree = "<group>"; };
		C31A82961C9F4AB8005F1DBE /* ResourceController.swift */ = {isa = PBXFileReference; fileEncoding = 4; lastKnownFileType = sourcecode.swift; path = ResourceController.swift; sourceTree = "<group>"; };
		C31A82971C9F4AB8005F1DBE /* Route.swift */ = {isa = PBXFileReference; fileEncoding = 4; lastKnownFileType = sourcecode.swift; path = Route.swift; sourceTree = "<group>"; };
		C31A82991C9F4AB8005F1DBE /* Hummingbird+Socket.swift */ = {isa = PBXFileReference; fileEncoding = 4; lastKnownFileType = sourcecode.swift; path = "Hummingbird+Socket.swift"; sourceTree = "<group>"; };
		C31A829A1C9F4AB8005F1DBE /* Hummingbird.swift */ = {isa = PBXFileReference; fileEncoding = 4; lastKnownFileType = sourcecode.swift; path = Hummingbird.swift; sourceTree = "<group>"; };
		C31A829B1C9F4AB8005F1DBE /* Jeeves.swift */ = {isa = PBXFileReference; fileEncoding = 4; lastKnownFileType = sourcecode.swift; path = Jeeves.swift; sourceTree = "<group>"; };
		C31A829C1C9F4AB8005F1DBE /* RequestHeader.swift */ = {isa = PBXFileReference; fileEncoding = 4; lastKnownFileType = sourcecode.swift; path = RequestHeader.swift; sourceTree = "<group>"; };
		C31A829D1C9F4AB8005F1DBE /* ServerDriver.swift */ = {isa = PBXFileReference; fileEncoding = 4; lastKnownFileType = sourcecode.swift; path = ServerDriver.swift; sourceTree = "<group>"; };
		C31A829E1C9F4AB8005F1DBE /* Socket.swift */ = {isa = PBXFileReference; fileEncoding = 4; lastKnownFileType = sourcecode.swift; path = Socket.swift; sourceTree = "<group>"; };
		C31A82A01C9F4AB8005F1DBE /* MemorySessionDriver.swift */ = {isa = PBXFileReference; fileEncoding = 4; lastKnownFileType = sourcecode.swift; path = MemorySessionDriver.swift; sourceTree = "<group>"; };
		C31A82A11C9F4AB8005F1DBE /* Session.swift */ = {isa = PBXFileReference; fileEncoding = 4; lastKnownFileType = sourcecode.swift; path = Session.swift; sourceTree = "<group>"; };
		C31A82A21C9F4AB8005F1DBE /* SessionDriver.swift */ = {isa = PBXFileReference; fileEncoding = 4; lastKnownFileType = sourcecode.swift; path = SessionDriver.swift; sourceTree = "<group>"; };
		C31A82A31C9F4AB8005F1DBE /* SessionMiddleware.swift */ = {isa = PBXFileReference; fileEncoding = 4; lastKnownFileType = sourcecode.swift; path = SessionMiddleware.swift; sourceTree = "<group>"; };
		C31A82A51C9F4AB8005F1DBE /* Character+Extensions.swift */ = {isa = PBXFileReference; fileEncoding = 4; lastKnownFileType = sourcecode.swift; path = "Character+Extensions.swift"; sourceTree = "<group>"; };
		C31A82A61C9F4AB8005F1DBE /* Dispatch.swift */ = {isa = PBXFileReference; fileEncoding = 4; lastKnownFileType = sourcecode.swift; path = Dispatch.swift; sourceTree = "<group>"; };
		C31A82A71C9F4AB8005F1DBE /* Lock.swift */ = {isa = PBXFileReference; fileEncoding = 4; lastKnownFileType = sourcecode.swift; path = Lock.swift; sourceTree = "<group>"; };
		C31A82A81C9F4AB8005F1DBE /* S4.swift */ = {isa = PBXFileReference; fileEncoding = 4; lastKnownFileType = sourcecode.swift; path = S4.swift; sourceTree = "<group>"; };
		C31A82A91C9F4AB8005F1DBE /* ThreadSafeStore.swift */ = {isa = PBXFileReference; fileEncoding = 4; lastKnownFileType = sourcecode.swift; path = ThreadSafeStore.swift; sourceTree = "<group>"; };
		C31A82AB1C9F4AB8005F1DBE /* RenderDriver.swift */ = {isa = PBXFileReference; fileEncoding = 4; lastKnownFileType = sourcecode.swift; path = RenderDriver.swift; sourceTree = "<group>"; };
		C31A82AC1C9F4AB8005F1DBE /* View.swift */ = {isa = PBXFileReference; fileEncoding = 4; lastKnownFileType = sourcecode.swift; path = View.swift; sourceTree = "<group>"; };
		C31A82DD1C9F4AFB005F1DBE /* libHummingbird.dylib */ = {isa = PBXFileReference; lastKnownFileType = "compiled.mach-o.dylib"; name = libHummingbird.dylib; path = ../.build/debug/libHummingbird.dylib; sourceTree = "<group>"; };
		C3433FD21C7D119D009F0876 /* HashTests.swift */ = {isa = PBXFileReference; fileEncoding = 4; lastKnownFileType = sourcecode.swift; name = HashTests.swift; path = ../Tests/Vapor/HashTests.swift; sourceTree = SOURCE_ROOT; };
		C352E68F1C62BB1C00E26467 /* Tests.xctest */ = {isa = PBXFileReference; explicitFileType = wrapper.cfbundle; includeInIndex = 0; path = Tests.xctest; sourceTree = BUILT_PRODUCTS_DIR; };
		C352E6931C62BB1C00E26467 /* Info.plist */ = {isa = PBXFileReference; lastKnownFileType = text.plist.xml; name = Info.plist; path = Tests/Info.plist; sourceTree = SOURCE_ROOT; };
		C352E7131C62BDE200E26467 /* README.md */ = {isa = PBXFileReference; lastKnownFileType = net.daringfireball.markdown; name = README.md; path = ../README.md; sourceTree = SOURCE_ROOT; };
		C352E7141C62BE6900E26467 /* Package.swift */ = {isa = PBXFileReference; lastKnownFileType = sourcecode.swift; name = Package.swift; path = ../Package.swift; sourceTree = SOURCE_ROOT; };
		C3691FDD1C98BE9E00C680DE /* LinuxMain.swift */ = {isa = PBXFileReference; fileEncoding = 4; lastKnownFileType = sourcecode.swift; name = LinuxMain.swift; path = ../../Tests/LinuxMain.swift; sourceTree = "<group>"; };
		C3691FDF1C98BEDA00C680DE /* EnvironmentTests.swift */ = {isa = PBXFileReference; fileEncoding = 4; lastKnownFileType = sourcecode.swift; name = EnvironmentTests.swift; path = ../../Tests/Vapor/EnvironmentTests.swift; sourceTree = "<group>"; };
		C3691FE11C98C47F00C680DE /* TypedRouteTests.swift */ = {isa = PBXFileReference; fileEncoding = 4; lastKnownFileType = sourcecode.swift; name = TypedRouteTests.swift; path = ../../Tests/Vapor/TypedRouteTests.swift; sourceTree = "<group>"; };
		C387A0361C95FDFE00B6282E /* main.swift */ = {isa = PBXFileReference; lastKnownFileType = sourcecode.swift; path = main.swift; sourceTree = "<group>"; };
		C387A03B1C95FE1300B6282E /* Generator */ = {isa = PBXFileReference; explicitFileType = "compiled.mach-o.executable"; includeInIndex = 0; path = Generator; sourceTree = BUILT_PRODUCTS_DIR; };
		C38808631C62C0390067DADD /* ResponseTests.swift */ = {isa = PBXFileReference; fileEncoding = 4; lastKnownFileType = sourcecode.swift; name = ResponseTests.swift; path = ../Tests/Vapor/ResponseTests.swift; sourceTree = SOURCE_ROOT; };
		C3943DC21C7663E80014F4EE /* RouterTests.swift */ = {isa = PBXFileReference; fileEncoding = 4; lastKnownFileType = sourcecode.swift; name = RouterTests.swift; path = ../Tests/Vapor/RouterTests.swift; sourceTree = SOURCE_ROOT; };
		C3DFB5541C80C2860045801C /* MyController.swift */ = {isa = PBXFileReference; fileEncoding = 4; lastKnownFileType = sourcecode.swift; path = MyController.swift; sourceTree = "<group>"; };
		C3DFB5571C80C2860045801C /* vapor-logo.png */ = {isa = PBXFileReference; lastKnownFileType = image.png; path = "vapor-logo.png"; sourceTree = "<group>"; };
		C3DFB5591C80C2860045801C /* app.css */ = {isa = PBXFileReference; fileEncoding = 4; lastKnownFileType = text.css; path = app.css; sourceTree = "<group>"; };
		C3DFB55B1C80C2860045801C /* template.stencil */ = {isa = PBXFileReference; fileEncoding = 4; lastKnownFileType = text; path = template.stencil; sourceTree = "<group>"; };
		C3DFB55C1C80C2860045801C /* welcome.html */ = {isa = PBXFileReference; fileEncoding = 4; lastKnownFileType = text.html; path = welcome.html; sourceTree = "<group>"; };
		C3F683351C7D1EF300033AA2 /* ControllerTests.swift */ = {isa = PBXFileReference; fileEncoding = 4; lastKnownFileType = sourcecode.swift; name = ControllerTests.swift; path = ../Tests/Vapor/ControllerTests.swift; sourceTree = SOURCE_ROOT; };
/* End PBXFileReference section */

/* Begin PBXFrameworksBuildPhase section */
		3A91D3C81C7F6AF900EA3CA0 /* Frameworks */ = {
			isa = PBXFrameworksBuildPhase;
			buildActionMask = 2147483647;
			files = (
				3A659FC71C805E3B00C105F5 /* libJay.dylib in Frameworks */,
				C31A82DE1C9F4AFB005F1DBE /* libHummingbird.dylib in Frameworks */,
			);
			runOnlyForDeploymentPostprocessing = 0;
		};
		3AEEF4471C7F71080099CBAE /* Frameworks */ = {
			isa = PBXFrameworksBuildPhase;
			buildActionMask = 2147483647;
			files = (
				3A583A011C7FCA720044AAFF /* libVapor.dylib in Frameworks */,
			);
			runOnlyForDeploymentPostprocessing = 0;
		};
		C352E68C1C62BB1C00E26467 /* Frameworks */ = {
			isa = PBXFrameworksBuildPhase;
			buildActionMask = 2147483647;
			files = (
				3AEEF41D1C7F6D4A0099CBAE /* Vapor.framework in Frameworks */,
			);
			runOnlyForDeploymentPostprocessing = 0;
		};
		C387A0381C95FE1300B6282E /* Frameworks */ = {
			isa = PBXFrameworksBuildPhase;
			buildActionMask = 2147483647;
			files = (
			);
			runOnlyForDeploymentPostprocessing = 0;
		};
/* End PBXFrameworksBuildPhase section */

/* Begin PBXGroup section */
		3A91D3CD1C7F6AF900EA3CA0 /* Vapor */ = {
			isa = PBXGroup;
			children = (
				C31A826F1C9F4AB8005F1DBE /* Core */,
				C31A826D1C9F4AB8005F1DBE /* Config */,
				C31A82751C9F4AB8005F1DBE /* Fixes */,
				C31A82781C9F4AB8005F1DBE /* Hash */,
				C31A827D1C9F4AB8005F1DBE /* JSON */,
				C31A82811C9F4AB8005F1DBE /* Log */,
				C31A82841C9F4AB8005F1DBE /* Middleware */,
				C31A82871C9F4AB8005F1DBE /* Process */,
				C31A82891C9F4AB8005F1DBE /* Request */,
				C31A828C1C9F4AB8005F1DBE /* Response */,
				C31A828F1C9F4AB8005F1DBE /* Router */,
				C31A82931C9F4AB8005F1DBE /* Routing */,
				C31A82981C9F4AB8005F1DBE /* Server */,
				C31A829F1C9F4AB8005F1DBE /* Session */,
				C31A82A41C9F4AB8005F1DBE /* Utilities */,
				C31A82AA1C9F4AB8005F1DBE /* View */,
				3A91D3CE1C7F6AF900EA3CA0 /* Vapor.h */,
				3A91D3D01C7F6AF900EA3CA0 /* Info.plist */,
			);
			path = Vapor;
			sourceTree = "<group>";
		};
		3A91D3D41C7F6B1A00EA3CA0 /* VaporDev */ = {
			isa = PBXGroup;
			children = (
				C3DFB5531C80C2860045801C /* Controllers */,
				C3DFB5551C80C2860045801C /* Public */,
				C3DFB55A1C80C2860045801C /* Resources */,
				3AEEF4181C7F6CBF0099CBAE /* main.swift */,
			);
			name = VaporDev;
			sourceTree = "<group>";
		};
		3AEEF4511C7F71110099CBAE /* Dependencies */ = {
			isa = PBXGroup;
			children = (
				C31A82DD1C9F4AFB005F1DBE /* libHummingbird.dylib */,
				3A659FC61C805E3B00C105F5 /* libJay.dylib */,
				3A583A001C7FCA720044AAFF /* libVapor.dylib */,
			);
			name = Dependencies;
			sourceTree = "<group>";
		};
		C31A826D1C9F4AB8005F1DBE /* Config */ = {
			isa = PBXGroup;
			children = (
				C31A826E1C9F4AB8005F1DBE /* Config.swift */,
			);
			name = Config;
			path = ../../Sources/Vapor/Config;
			sourceTree = "<group>";
		};
		C31A826F1C9F4AB8005F1DBE /* Core */ = {
			isa = PBXGroup;
			children = (
				C31A82701C9F4AB8005F1DBE /* Abort.swift */,
				C31A82711C9F4AB8005F1DBE /* Application.swift */,
				C31A82721C9F4AB8005F1DBE /* Environment.swift */,
				C31A82731C9F4AB8005F1DBE /* Generated.swift */,
				C31A82741C9F4AB8005F1DBE /* Provider.swift */,
			);
			name = Core;
			path = ../../Sources/Vapor/Core;
			sourceTree = "<group>";
		};
		C31A82751C9F4AB8005F1DBE /* Fixes */ = {
			isa = PBXGroup;
			children = (
				C31A82761C9F4AB8005F1DBE /* FileManager.swift */,
				C31A82771C9F4AB8005F1DBE /* StringExtensions.swift */,
			);
			name = Fixes;
			path = ../../Sources/Vapor/Fixes;
			sourceTree = "<group>";
		};
		C31A82781C9F4AB8005F1DBE /* Hash */ = {
			isa = PBXGroup;
			children = (
				C31A82791C9F4AB8005F1DBE /* CryptoSwift.swift */,
				C31A827A1C9F4AB8005F1DBE /* Hash.swift */,
				C31A827B1C9F4AB8005F1DBE /* Int+Random.swift */,
				C31A827C1C9F4AB8005F1DBE /* SHA256Hasher.swift */,
			);
			name = Hash;
			path = ../../Sources/Vapor/Hash;
			sourceTree = "<group>";
		};
		C31A827D1C9F4AB8005F1DBE /* JSON */ = {
			isa = PBXGroup;
			children = (
				C31A827E1C9F4AB8005F1DBE /* JSON+Merging.swift */,
				C31A827F1C9F4AB8005F1DBE /* JSONSerializer.swift */,
				C31A82801C9F4AB8005F1DBE /* Vapor+JSON.swift */,
			);
			name = JSON;
			path = ../../Sources/Vapor/JSON;
			sourceTree = "<group>";
		};
		C31A82811C9F4AB8005F1DBE /* Log */ = {
			isa = PBXGroup;
			children = (
				C31A82821C9F4AB8005F1DBE /* Log.swift */,
				C31A82831C9F4AB8005F1DBE /* LogDriver.swift */,
			);
			name = Log;
			path = ../../Sources/Vapor/Log;
			sourceTree = "<group>";
		};
		C31A82841C9F4AB8005F1DBE /* Middleware */ = {
			isa = PBXGroup;
			children = (
				C31A82851C9F4AB8005F1DBE /* AbortMiddleware.swift */,
				C31A82861C9F4AB8005F1DBE /* Middleware.swift */,
			);
			name = Middleware;
			path = ../../Sources/Vapor/Middleware;
			sourceTree = "<group>";
		};
		C31A82871C9F4AB8005F1DBE /* Process */ = {
			isa = PBXGroup;
			children = (
				C31A82881C9F4AB8005F1DBE /* Process.swift */,
			);
			name = Process;
			path = ../../Sources/Vapor/Process;
			sourceTree = "<group>";
		};
		C31A82891C9F4AB8005F1DBE /* Request */ = {
			isa = PBXGroup;
			children = (
				C31A828A1C9F4AB8005F1DBE /* Request.swift */,
				C31A828B1C9F4AB8005F1DBE /* RequestData.swift */,
			);
			name = Request;
			path = ../../Sources/Vapor/Request;
			sourceTree = "<group>";
		};
		C31A828C1C9F4AB8005F1DBE /* Response */ = {
			isa = PBXGroup;
			children = (
				C31A828D1C9F4AB8005F1DBE /* Response.swift */,
				C31A828E1C9F4AB8005F1DBE /* ResponseConvertible.swift */,
			);
			name = Response;
			path = ../../Sources/Vapor/Response;
			sourceTree = "<group>";
		};
		C31A828F1C9F4AB8005F1DBE /* Router */ = {
			isa = PBXGroup;
			children = (
				C31A82901C9F4AB8005F1DBE /* Branch.swift */,
				C31A82911C9F4AB8005F1DBE /* BranchRouter.swift */,
				C31A82921C9F4AB8005F1DBE /* RouterDriver.swift */,
			);
			name = Router;
			path = ../../Sources/Vapor/Router;
			sourceTree = "<group>";
		};
		C31A82931C9F4AB8005F1DBE /* Routing */ = {
			isa = PBXGroup;
			children = (
				C31A82941C9F4AB8005F1DBE /* Application+Route.swift */,
				C31A82951C9F4AB8005F1DBE /* DefaultInitializable.swift */,
				C31A82961C9F4AB8005F1DBE /* ResourceController.swift */,
				C31A82971C9F4AB8005F1DBE /* Route.swift */,
			);
			name = Routing;
			path = ../../Sources/Vapor/Routing;
			sourceTree = "<group>";
		};
		C31A82981C9F4AB8005F1DBE /* Server */ = {
			isa = PBXGroup;
			children = (
				C31A82991C9F4AB8005F1DBE /* Hummingbird+Socket.swift */,
				C31A829A1C9F4AB8005F1DBE /* Hummingbird.swift */,
				C31A829B1C9F4AB8005F1DBE /* Jeeves.swift */,
				C31A829C1C9F4AB8005F1DBE /* RequestHeader.swift */,
				C31A829D1C9F4AB8005F1DBE /* ServerDriver.swift */,
				C31A829E1C9F4AB8005F1DBE /* Socket.swift */,
			);
			name = Server;
			path = ../../Sources/Vapor/Server;
			sourceTree = "<group>";
		};
		C31A829F1C9F4AB8005F1DBE /* Session */ = {
			isa = PBXGroup;
			children = (
				C31A82A01C9F4AB8005F1DBE /* MemorySessionDriver.swift */,
				C31A82A11C9F4AB8005F1DBE /* Session.swift */,
				C31A82A21C9F4AB8005F1DBE /* SessionDriver.swift */,
				C31A82A31C9F4AB8005F1DBE /* SessionMiddleware.swift */,
			);
			name = Session;
			path = ../../Sources/Vapor/Session;
			sourceTree = "<group>";
		};
		C31A82A41C9F4AB8005F1DBE /* Utilities */ = {
			isa = PBXGroup;
			children = (
				C31A82A51C9F4AB8005F1DBE /* Character+Extensions.swift */,
				C31A82A61C9F4AB8005F1DBE /* Dispatch.swift */,
				C31A82A71C9F4AB8005F1DBE /* Lock.swift */,
				C31A82A81C9F4AB8005F1DBE /* S4.swift */,
				C31A82A91C9F4AB8005F1DBE /* ThreadSafeStore.swift */,
			);
			name = Utilities;
			path = ../../Sources/Vapor/Utilities;
			sourceTree = "<group>";
		};
		C31A82AA1C9F4AB8005F1DBE /* View */ = {
			isa = PBXGroup;
			children = (
				C31A82AB1C9F4AB8005F1DBE /* RenderDriver.swift */,
				C31A82AC1C9F4AB8005F1DBE /* View.swift */,
			);
			name = View;
			path = ../../Sources/Vapor/View;
			sourceTree = "<group>";
		};
		C352E6781C62BB0F00E26467 = {
			isa = PBXGroup;
			children = (
				C352E7141C62BE6900E26467 /* Package.swift */,
				C352E7131C62BDE200E26467 /* README.md */,
				3A91D3D41C7F6B1A00EA3CA0 /* VaporDev */,
				3A91D3CD1C7F6AF900EA3CA0 /* Vapor */,
				C387A0351C95FDF300B6282E /* Generator */,
				C352E6901C62BB1C00E26467 /* Tests */,
				3AEEF4511C7F71110099CBAE /* Dependencies */,
				C352E6821C62BB0F00E26467 /* Products */,
			);
			sourceTree = "<group>";
		};
		C352E6821C62BB0F00E26467 /* Products */ = {
			isa = PBXGroup;
			children = (
				C352E68F1C62BB1C00E26467 /* Tests.xctest */,
				3A91D3CC1C7F6AF900EA3CA0 /* Vapor.framework */,
				3AEEF44A1C7F71080099CBAE /* VaporDev */,
				C387A03B1C95FE1300B6282E /* Generator */,
			);
			name = Products;
			sourceTree = "<group>";
		};
		C352E6901C62BB1C00E26467 /* Tests */ = {
			isa = PBXGroup;
			children = (
				C3691FDD1C98BE9E00C680DE /* LinuxMain.swift */,
				C352E6931C62BB1C00E26467 /* Info.plist */,
				C3691FDF1C98BEDA00C680DE /* EnvironmentTests.swift */,
				C3F683351C7D1EF300033AA2 /* ControllerTests.swift */,
				C3433FD21C7D119D009F0876 /* HashTests.swift */,
				34CC59551C7BE3C9007CA680 /* LogTests.swift */,
				1AF2F51A1C89DE2A00A7B2EA /* MemorySessionDriverTests.swift */,
				800EFA571C8231EE00F6C066 /* ProcessTests.swift */,
				800EFA591C83A00300F6C066 /* QueryParametersTests.swift */,
				C38808631C62C0390067DADD /* ResponseTests.swift */,
				C3943DC21C7663E80014F4EE /* RouterTests.swift */,
				3492B2EE1C787DD600D8E588 /* RouteTests.swift */,
				1AD708011C8E6A9500F17339 /* SessionTests.swift */,
				C3691FE11C98C47F00C680DE /* TypedRouteTests.swift */,
				8087DB581C9505E0002E57CC /* JeevesTests.swift */,
			);
			path = Tests;
			sourceTree = "<group>";
		};
		C387A0351C95FDF300B6282E /* Generator */ = {
			isa = PBXGroup;
			children = (
				C387A0361C95FDFE00B6282E /* main.swift */,
			);
			name = Generator;
			path = ../Sources/Generator;
			sourceTree = "<group>";
		};
		C3DFB5531C80C2860045801C /* Controllers */ = {
			isa = PBXGroup;
			children = (
				C3DFB5541C80C2860045801C /* MyController.swift */,
			);
			name = Controllers;
			path = ../Sources/VaporDev/Controllers;
			sourceTree = "<group>";
		};
		C3DFB5551C80C2860045801C /* Public */ = {
			isa = PBXGroup;
			children = (
				C3DFB5561C80C2860045801C /* images */,
				C3DFB5581C80C2860045801C /* styles */,
			);
			name = Public;
			path = ../Sources/VaporDev/Public;
			sourceTree = "<group>";
		};
		C3DFB5561C80C2860045801C /* images */ = {
			isa = PBXGroup;
			children = (
				C3DFB5571C80C2860045801C /* vapor-logo.png */,
			);
			path = images;
			sourceTree = "<group>";
		};
		C3DFB5581C80C2860045801C /* styles */ = {
			isa = PBXGroup;
			children = (
				C3DFB5591C80C2860045801C /* app.css */,
			);
			path = styles;
			sourceTree = "<group>";
		};
		C3DFB55A1C80C2860045801C /* Resources */ = {
			isa = PBXGroup;
			children = (
				C3DFB55B1C80C2860045801C /* template.stencil */,
				C3DFB55C1C80C2860045801C /* welcome.html */,
			);
			name = Resources;
			path = ../Sources/VaporDev/Resources;
			sourceTree = "<group>";
		};
/* End PBXGroup section */

/* Begin PBXHeadersBuildPhase section */
		3A91D3C91C7F6AF900EA3CA0 /* Headers */ = {
			isa = PBXHeadersBuildPhase;
			buildActionMask = 2147483647;
			files = (
				3A91D3CF1C7F6AF900EA3CA0 /* Vapor.h in Headers */,
			);
			runOnlyForDeploymentPostprocessing = 0;
		};
/* End PBXHeadersBuildPhase section */

/* Begin PBXNativeTarget section */
		3A91D3CB1C7F6AF900EA3CA0 /* Vapor */ = {
			isa = PBXNativeTarget;
			buildConfigurationList = 3A91D3D11C7F6AF900EA3CA0 /* Build configuration list for PBXNativeTarget "Vapor" */;
			buildPhases = (
				3AEEF4211C7F6D9F0099CBAE /* Swift Build Dependencies */,
				3A91D3C71C7F6AF900EA3CA0 /* Sources */,
				3A91D3C81C7F6AF900EA3CA0 /* Frameworks */,
				3A91D3C91C7F6AF900EA3CA0 /* Headers */,
				3A91D3CA1C7F6AF900EA3CA0 /* Resources */,
			);
			buildRules = (
			);
			dependencies = (
			);
			name = Vapor;
			productName = Vapor;
			productReference = 3A91D3CC1C7F6AF900EA3CA0 /* Vapor.framework */;
			productType = "com.apple.product-type.framework";
		};
		3AEEF4491C7F71080099CBAE /* VaporDev */ = {
			isa = PBXNativeTarget;
			buildConfigurationList = 3AEEF44E1C7F71080099CBAE /* Build configuration list for PBXNativeTarget "VaporDev" */;
			buildPhases = (
				3AEEF4521C7F712C0099CBAE /* Swift Build Dependencies */,
				3AEEF4461C7F71080099CBAE /* Sources */,
				3AEEF4471C7F71080099CBAE /* Frameworks */,
				3AEEF4481C7F71080099CBAE /* CopyFiles */,
			);
			buildRules = (
			);
			dependencies = (
			);
			name = VaporDev;
			productName = VaporExample;
			productReference = 3AEEF44A1C7F71080099CBAE /* VaporDev */;
			productType = "com.apple.product-type.tool";
		};
		C352E68E1C62BB1C00E26467 /* Tests */ = {
			isa = PBXNativeTarget;
			buildConfigurationList = C352E6941C62BB1C00E26467 /* Build configuration list for PBXNativeTarget "Tests" */;
			buildPhases = (
				C352E68B1C62BB1C00E26467 /* Sources */,
				C352E68C1C62BB1C00E26467 /* Frameworks */,
				C352E68D1C62BB1C00E26467 /* Resources */,
			);
			buildRules = (
			);
			dependencies = (
				3AEEF41C1C7F6D420099CBAE /* PBXTargetDependency */,
			);
			name = Tests;
			productName = Tests;
			productReference = C352E68F1C62BB1C00E26467 /* Tests.xctest */;
			productType = "com.apple.product-type.bundle.unit-test";
		};
		C387A03A1C95FE1300B6282E /* Generator */ = {
			isa = PBXNativeTarget;
			buildConfigurationList = C387A03F1C95FE1300B6282E /* Build configuration list for PBXNativeTarget "Generator" */;
			buildPhases = (
				C387A0371C95FE1300B6282E /* Sources */,
				C387A0381C95FE1300B6282E /* Frameworks */,
				C387A0391C95FE1300B6282E /* CopyFiles */,
			);
			buildRules = (
			);
			dependencies = (
			);
			name = Generator;
			productName = Generator;
			productReference = C387A03B1C95FE1300B6282E /* Generator */;
			productType = "com.apple.product-type.tool";
		};
/* End PBXNativeTarget section */

/* Begin PBXProject section */
		C352E6791C62BB0F00E26467 /* Project object */ = {
			isa = PBXProject;
			attributes = {
				LastSwiftUpdateCheck = 0720;
				LastUpgradeCheck = 0720;
				ORGANIZATIONNAME = "Tanner Nelson";
				TargetAttributes = {
					3A91D3CB1C7F6AF900EA3CA0 = {
						CreatedOnToolsVersion = 7.3;
					};
					3AEEF4491C7F71080099CBAE = {
						CreatedOnToolsVersion = 7.3;
					};
					C352E68E1C62BB1C00E26467 = {
						CreatedOnToolsVersion = 7.2;
					};
					C387A03A1C95FE1300B6282E = {
						CreatedOnToolsVersion = 7.2.1;
					};
				};
			};
			buildConfigurationList = C352E67C1C62BB0F00E26467 /* Build configuration list for PBXProject "Vapor" */;
			compatibilityVersion = "Xcode 3.2";
			developmentRegion = English;
			hasScannedForEncodings = 0;
			knownRegions = (
				en,
			);
			mainGroup = C352E6781C62BB0F00E26467;
			productRefGroup = C352E6821C62BB0F00E26467 /* Products */;
			projectDirPath = "";
			projectRoot = "";
			targets = (
				3AEEF4491C7F71080099CBAE /* VaporDev */,
				C387A03A1C95FE1300B6282E /* Generator */,
				3A91D3CB1C7F6AF900EA3CA0 /* Vapor */,
				C352E68E1C62BB1C00E26467 /* Tests */,
			);
		};
/* End PBXProject section */

/* Begin PBXResourcesBuildPhase section */
		3A91D3CA1C7F6AF900EA3CA0 /* Resources */ = {
			isa = PBXResourcesBuildPhase;
			buildActionMask = 2147483647;
			files = (
			);
			runOnlyForDeploymentPostprocessing = 0;
		};
		C352E68D1C62BB1C00E26467 /* Resources */ = {
			isa = PBXResourcesBuildPhase;
			buildActionMask = 2147483647;
			files = (
			);
			runOnlyForDeploymentPostprocessing = 0;
		};
/* End PBXResourcesBuildPhase section */

/* Begin PBXShellScriptBuildPhase section */
		3AEEF4211C7F6D9F0099CBAE /* Swift Build Dependencies */ = {
			isa = PBXShellScriptBuildPhase;
			buildActionMask = 2147483647;
			files = (
			);
			inputPaths = (
			);
			name = "Swift Build Dependencies";
			outputPaths = (
			);
			runOnlyForDeploymentPostprocessing = 0;
			shellPath = /bin/sh;
			shellScript = "/Library/Developer/Toolchains/swift-DEVELOPMENT-SNAPSHOT-2016-03-01-a.xctoolchain/usr/bin/swift build --chdir \"$SRCROOT\"";
		};
		3AEEF4521C7F712C0099CBAE /* Swift Build Dependencies */ = {
			isa = PBXShellScriptBuildPhase;
			buildActionMask = 2147483647;
			files = (
			);
			inputPaths = (
			);
			name = "Swift Build Dependencies";
			outputPaths = (
			);
			runOnlyForDeploymentPostprocessing = 0;
			shellPath = /bin/sh;
			shellScript = "/Library/Developer/Toolchains/swift-DEVELOPMENT-SNAPSHOT-2016-03-01-a.xctoolchain/usr/bin/swift build --chdir \"$SRCROOT\"";
		};
/* End PBXShellScriptBuildPhase section */

/* Begin PBXSourcesBuildPhase section */
		3A91D3C71C7F6AF900EA3CA0 /* Sources */ = {
			isa = PBXSourcesBuildPhase;
			buildActionMask = 2147483647;
			files = (
				C31A82D71C9F4AB8005F1DBE /* Dispatch.swift in Sources */,
				C31A82BF1C9F4AB8005F1DBE /* Middleware.swift in Sources */,
				C31A82C21C9F4AB8005F1DBE /* RequestData.swift in Sources */,
				C31A82CB1C9F4AB8005F1DBE /* Route.swift in Sources */,
				C31A82C51C9F4AB8005F1DBE /* Branch.swift in Sources */,
				C31A82BE1C9F4AB8005F1DBE /* AbortMiddleware.swift in Sources */,
				C31A82D81C9F4AB8005F1DBE /* Lock.swift in Sources */,
				C31A82B71C9F4AB8005F1DBE /* Int+Random.swift in Sources */,
				C31A82D41C9F4AB8005F1DBE /* SessionDriver.swift in Sources */,
				C31A82B41C9F4AB8005F1DBE /* StringExtensions.swift in Sources */,
				C31A82C11C9F4AB8005F1DBE /* Request.swift in Sources */,
				C31A82CD1C9F4AB8005F1DBE /* Hummingbird.swift in Sources */,
				C31A82B51C9F4AB8005F1DBE /* CryptoSwift.swift in Sources */,
				C31A82CF1C9F4AB8005F1DBE /* RequestHeader.swift in Sources */,
				C31A82AF1C9F4AB8005F1DBE /* Application.swift in Sources */,
				C31A82D01C9F4AB8005F1DBE /* ServerDriver.swift in Sources */,
				C31A82B91C9F4AB8005F1DBE /* JSON+Merging.swift in Sources */,
				C31A82B01C9F4AB8005F1DBE /* Environment.swift in Sources */,
				C31A82C71C9F4AB8005F1DBE /* RouterDriver.swift in Sources */,
				C31A82BC1C9F4AB8005F1DBE /* Log.swift in Sources */,
				C31A82B81C9F4AB8005F1DBE /* SHA256Hasher.swift in Sources */,
				C31A82BB1C9F4AB8005F1DBE /* Vapor+JSON.swift in Sources */,
				C31A82C91C9F4AB8005F1DBE /* DefaultInitializable.swift in Sources */,
				C31A82D31C9F4AB8005F1DBE /* Session.swift in Sources */,
				C31A82C61C9F4AB8005F1DBE /* BranchRouter.swift in Sources */,
				C31A82C81C9F4AB8005F1DBE /* Application+Route.swift in Sources */,
				C31A82C01C9F4AB8005F1DBE /* Process.swift in Sources */,
				C31A82AE1C9F4AB8005F1DBE /* Abort.swift in Sources */,
				C31A82B61C9F4AB8005F1DBE /* Hash.swift in Sources */,
				C31A82C41C9F4AB8005F1DBE /* ResponseConvertible.swift in Sources */,
				C31A82BA1C9F4AB8005F1DBE /* JSONSerializer.swift in Sources */,
				C31A82D21C9F4AB8005F1DBE /* MemorySessionDriver.swift in Sources */,
				C31A82DC1C9F4AB8005F1DBE /* View.swift in Sources */,
				C31A82CA1C9F4AB8005F1DBE /* ResourceController.swift in Sources */,
				C31A82B31C9F4AB8005F1DBE /* FileManager.swift in Sources */,
				C31A82CE1C9F4AB8005F1DBE /* Jeeves.swift in Sources */,
				C31A82D61C9F4AB8005F1DBE /* Character+Extensions.swift in Sources */,
				C31A82DB1C9F4AB8005F1DBE /* RenderDriver.swift in Sources */,
				C31A82BD1C9F4AB8005F1DBE /* LogDriver.swift in Sources */,
				C31A82D51C9F4AB8005F1DBE /* SessionMiddleware.swift in Sources */,
				C31A82D91C9F4AB8005F1DBE /* S4.swift in Sources */,
				C31A82B11C9F4AB8005F1DBE /* Generated.swift in Sources */,
				C31A82C31C9F4AB8005F1DBE /* Response.swift in Sources */,
				C31A82CC1C9F4AB8005F1DBE /* Hummingbird+Socket.swift in Sources */,
				C31A82B21C9F4AB8005F1DBE /* Provider.swift in Sources */,
				C31A82D11C9F4AB8005F1DBE /* Socket.swift in Sources */,
				C31A82DA1C9F4AB8005F1DBE /* ThreadSafeStore.swift in Sources */,
				C31A82AD1C9F4AB8005F1DBE /* Config.swift in Sources */,
			);
			runOnlyForDeploymentPostprocessing = 0;
		};
		3AEEF4461C7F71080099CBAE /* Sources */ = {
			isa = PBXSourcesBuildPhase;
			buildActionMask = 2147483647;
			files = (
				3AEEF4531C7F72C30099CBAE /* main.swift in Sources */,
				C3DFB55D1C80C2860045801C /* MyController.swift in Sources */,
			);
			runOnlyForDeploymentPostprocessing = 0;
		};
		C352E68B1C62BB1C00E26467 /* Sources */ = {
			isa = PBXSourcesBuildPhase;
			buildActionMask = 2147483647;
			files = (
				C3691FE21C98C47F00C680DE /* TypedRouteTests.swift in Sources */,
				1AF2F51B1C89DE2A00A7B2EA /* MemorySessionDriverTests.swift in Sources */,
				800EFA581C8231EE00F6C066 /* ProcessTests.swift in Sources */,
				C38808641C62C0390067DADD /* ResponseTests.swift in Sources */,
				C3691FE01C98BEDA00C680DE /* EnvironmentTests.swift in Sources */,
				8087DB591C9505E0002E57CC /* JeevesTests.swift in Sources */,
				800EFA5A1C83A00300F6C066 /* QueryParametersTests.swift in Sources */,
				1AD708021C8E6A9500F17339 /* SessionTests.swift in Sources */,
				3492B2EF1C787DD600D8E588 /* RouteTests.swift in Sources */,
				C3F683361C7D1EF300033AA2 /* ControllerTests.swift in Sources */,
				34CC59561C7BE3C9007CA680 /* LogTests.swift in Sources */,
				C3943DC31C7663E80014F4EE /* RouterTests.swift in Sources */,
				C3433FD41C7D119D009F0876 /* HashTests.swift in Sources */,
			);
			runOnlyForDeploymentPostprocessing = 0;
		};
		C387A0371C95FE1300B6282E /* Sources */ = {
			isa = PBXSourcesBuildPhase;
			buildActionMask = 2147483647;
			files = (
				C387A0431C95FEBA00B6282E /* main.swift in Sources */,
			);
			runOnlyForDeploymentPostprocessing = 0;
		};
/* End PBXSourcesBuildPhase section */

/* Begin PBXTargetDependency section */
		3AEEF41C1C7F6D420099CBAE /* PBXTargetDependency */ = {
			isa = PBXTargetDependency;
			target = 3A91D3CB1C7F6AF900EA3CA0 /* Vapor */;
			targetProxy = 3AEEF41B1C7F6D420099CBAE /* PBXContainerItemProxy */;
		};
/* End PBXTargetDependency section */

/* Begin XCBuildConfiguration section */
		3A91D3D21C7F6AF900EA3CA0 /* Debug */ = {
			isa = XCBuildConfiguration;
			buildSettings = {
				CLANG_ANALYZER_NONNULL = YES;
				COMBINE_HIDPI_IMAGES = YES;
				CURRENT_PROJECT_VERSION = 1;
				DEFINES_MODULE = YES;
				DYLIB_COMPATIBILITY_VERSION = 1;
				DYLIB_CURRENT_VERSION = 1;
				DYLIB_INSTALL_NAME_BASE = "@rpath";
				FRAMEWORK_VERSION = A;
				INFOPLIST_FILE = Vapor/Info.plist;
				INSTALL_PATH = "$(LOCAL_LIBRARY_DIR)/Frameworks";
				LD_RUNPATH_SEARCH_PATHS = "$(inherited) @executable_path/../Frameworks @loader_path/Frameworks";
				LIBRARY_SEARCH_PATHS = "$(SRCROOT)/../.build/debug";
				PRODUCT_BUNDLE_IDENTIFIER = com.tannernelson.Vapor;
				PRODUCT_NAME = "$(TARGET_NAME)";
				SKIP_INSTALL = YES;
				SWIFT_INCLUDE_PATHS = "$(SRCROOT)/../.build/debug";
				VERSIONING_SYSTEM = "apple-generic";
				VERSION_INFO_PREFIX = "";
			};
			name = Debug;
		};
		3A91D3D31C7F6AF900EA3CA0 /* Release */ = {
			isa = XCBuildConfiguration;
			buildSettings = {
				CLANG_ANALYZER_NONNULL = YES;
				COMBINE_HIDPI_IMAGES = YES;
				CURRENT_PROJECT_VERSION = 1;
				DEFINES_MODULE = YES;
				DYLIB_COMPATIBILITY_VERSION = 1;
				DYLIB_CURRENT_VERSION = 1;
				DYLIB_INSTALL_NAME_BASE = "@rpath";
				FRAMEWORK_VERSION = A;
				INFOPLIST_FILE = Vapor/Info.plist;
				INSTALL_PATH = "$(LOCAL_LIBRARY_DIR)/Frameworks";
				LD_RUNPATH_SEARCH_PATHS = "$(inherited) @executable_path/../Frameworks @loader_path/Frameworks";
				LIBRARY_SEARCH_PATHS = "$(SRCROOT)/../.build/debug";
				PRODUCT_BUNDLE_IDENTIFIER = com.tannernelson.Vapor;
				PRODUCT_NAME = "$(TARGET_NAME)";
				SKIP_INSTALL = YES;
				SWIFT_INCLUDE_PATHS = "$(SRCROOT)/../.build/debug";
				VERSIONING_SYSTEM = "apple-generic";
				VERSION_INFO_PREFIX = "";
			};
			name = Release;
		};
		3AEEF44F1C7F71080099CBAE /* Debug */ = {
			isa = XCBuildConfiguration;
			buildSettings = {
				CLANG_ANALYZER_NONNULL = YES;
				LIBRARY_SEARCH_PATHS = "$(SRCROOT)/../.build/debug";
				PRODUCT_NAME = "$(TARGET_NAME)";
				SWIFT_INCLUDE_PATHS = "$(SRCROOT)/../.build/debug";
			};
			name = Debug;
		};
		3AEEF4501C7F71080099CBAE /* Release */ = {
			isa = XCBuildConfiguration;
			buildSettings = {
				CLANG_ANALYZER_NONNULL = YES;
				LIBRARY_SEARCH_PATHS = "$(SRCROOT)/../.build/debug";
				PRODUCT_NAME = "$(TARGET_NAME)";
				SWIFT_INCLUDE_PATHS = "$(SRCROOT)/../.build/debug";
			};
			name = Release;
		};
		C352E6861C62BB0F00E26467 /* Debug */ = {
			isa = XCBuildConfiguration;
			buildSettings = {
				ALWAYS_SEARCH_USER_PATHS = NO;
				CLANG_CXX_LANGUAGE_STANDARD = "gnu++0x";
				CLANG_CXX_LIBRARY = "libc++";
				CLANG_ENABLE_MODULES = YES;
				CLANG_ENABLE_OBJC_ARC = YES;
				CLANG_WARN_BOOL_CONVERSION = YES;
				CLANG_WARN_CONSTANT_CONVERSION = YES;
				CLANG_WARN_DIRECT_OBJC_ISA_USAGE = YES_ERROR;
				CLANG_WARN_EMPTY_BODY = YES;
				CLANG_WARN_ENUM_CONVERSION = YES;
				CLANG_WARN_INT_CONVERSION = YES;
				CLANG_WARN_OBJC_ROOT_CLASS = YES_ERROR;
				CLANG_WARN_UNREACHABLE_CODE = YES;
				CLANG_WARN__DUPLICATE_METHOD_MATCH = YES;
				CODE_SIGN_IDENTITY = "-";
				COPY_PHASE_STRIP = NO;
				DEBUG_INFORMATION_FORMAT = dwarf;
				ENABLE_STRICT_OBJC_MSGSEND = YES;
				ENABLE_TESTABILITY = YES;
				GCC_C_LANGUAGE_STANDARD = gnu99;
				GCC_DYNAMIC_NO_PIC = NO;
				GCC_NO_COMMON_BLOCKS = YES;
				GCC_OPTIMIZATION_LEVEL = 0;
				GCC_PREPROCESSOR_DEFINITIONS = (
					"DEBUG=1",
					"$(inherited)",
				);
				GCC_WARN_64_TO_32_BIT_CONVERSION = YES;
				GCC_WARN_ABOUT_RETURN_TYPE = YES_ERROR;
				GCC_WARN_UNDECLARED_SELECTOR = YES;
				GCC_WARN_UNINITIALIZED_AUTOS = YES_AGGRESSIVE;
				GCC_WARN_UNUSED_FUNCTION = YES;
				GCC_WARN_UNUSED_VARIABLE = YES;
				MACOSX_DEPLOYMENT_TARGET = 10.11;
				MTL_ENABLE_DEBUG_INFO = YES;
				ONLY_ACTIVE_ARCH = YES;
				SDKROOT = macosx;
				SWIFT_OPTIMIZATION_LEVEL = "-Onone";
			};
			name = Debug;
		};
		C352E6871C62BB0F00E26467 /* Release */ = {
			isa = XCBuildConfiguration;
			buildSettings = {
				ALWAYS_SEARCH_USER_PATHS = NO;
				CLANG_CXX_LANGUAGE_STANDARD = "gnu++0x";
				CLANG_CXX_LIBRARY = "libc++";
				CLANG_ENABLE_MODULES = YES;
				CLANG_ENABLE_OBJC_ARC = YES;
				CLANG_WARN_BOOL_CONVERSION = YES;
				CLANG_WARN_CONSTANT_CONVERSION = YES;
				CLANG_WARN_DIRECT_OBJC_ISA_USAGE = YES_ERROR;
				CLANG_WARN_EMPTY_BODY = YES;
				CLANG_WARN_ENUM_CONVERSION = YES;
				CLANG_WARN_INT_CONVERSION = YES;
				CLANG_WARN_OBJC_ROOT_CLASS = YES_ERROR;
				CLANG_WARN_UNREACHABLE_CODE = YES;
				CLANG_WARN__DUPLICATE_METHOD_MATCH = YES;
				CODE_SIGN_IDENTITY = "-";
				COPY_PHASE_STRIP = NO;
				DEBUG_INFORMATION_FORMAT = "dwarf-with-dsym";
				ENABLE_NS_ASSERTIONS = NO;
				ENABLE_STRICT_OBJC_MSGSEND = YES;
				GCC_C_LANGUAGE_STANDARD = gnu99;
				GCC_NO_COMMON_BLOCKS = YES;
				GCC_WARN_64_TO_32_BIT_CONVERSION = YES;
				GCC_WARN_ABOUT_RETURN_TYPE = YES_ERROR;
				GCC_WARN_UNDECLARED_SELECTOR = YES;
				GCC_WARN_UNINITIALIZED_AUTOS = YES_AGGRESSIVE;
				GCC_WARN_UNUSED_FUNCTION = YES;
				GCC_WARN_UNUSED_VARIABLE = YES;
				MACOSX_DEPLOYMENT_TARGET = 10.11;
				MTL_ENABLE_DEBUG_INFO = NO;
				SDKROOT = macosx;
			};
			name = Release;
		};
		C352E6951C62BB1C00E26467 /* Debug */ = {
			isa = XCBuildConfiguration;
			buildSettings = {
				COMBINE_HIDPI_IMAGES = YES;
				INFOPLIST_FILE = Tests/Info.plist;
				LD_RUNPATH_SEARCH_PATHS = "$(inherited) @executable_path/../Frameworks @loader_path/../Frameworks";
				PRODUCT_BUNDLE_IDENTIFIER = com.tannernelson.Tests;
				PRODUCT_NAME = "$(TARGET_NAME)";
				SWIFT_INCLUDE_PATHS = "$(SRCROOT)/.build/debug";
			};
			name = Debug;
		};
		C352E6961C62BB1C00E26467 /* Release */ = {
			isa = XCBuildConfiguration;
			buildSettings = {
				COMBINE_HIDPI_IMAGES = YES;
				INFOPLIST_FILE = Tests/Info.plist;
				LD_RUNPATH_SEARCH_PATHS = "$(inherited) @executable_path/../Frameworks @loader_path/../Frameworks";
				PRODUCT_BUNDLE_IDENTIFIER = com.tannernelson.Tests;
				PRODUCT_NAME = "$(TARGET_NAME)";
				SWIFT_INCLUDE_PATHS = "$(SRCROOT)/.build/release";
			};
			name = Release;
		};
		C387A0401C95FE1300B6282E /* Debug */ = {
			isa = XCBuildConfiguration;
			buildSettings = {
				PRODUCT_NAME = "$(TARGET_NAME)";
			};
			name = Debug;
		};
		C387A0411C95FE1300B6282E /* Release */ = {
			isa = XCBuildConfiguration;
			buildSettings = {
				PRODUCT_NAME = "$(TARGET_NAME)";
			};
			name = Release;
		};
/* End XCBuildConfiguration section */

/* Begin XCConfigurationList section */
		3A91D3D11C7F6AF900EA3CA0 /* Build configuration list for PBXNativeTarget "Vapor" */ = {
			isa = XCConfigurationList;
			buildConfigurations = (
				3A91D3D21C7F6AF900EA3CA0 /* Debug */,
				3A91D3D31C7F6AF900EA3CA0 /* Release */,
			);
			defaultConfigurationIsVisible = 0;
			defaultConfigurationName = Release;
		};
		3AEEF44E1C7F71080099CBAE /* Build configuration list for PBXNativeTarget "VaporDev" */ = {
			isa = XCConfigurationList;
			buildConfigurations = (
				3AEEF44F1C7F71080099CBAE /* Debug */,
				3AEEF4501C7F71080099CBAE /* Release */,
			);
			defaultConfigurationIsVisible = 0;
			defaultConfigurationName = Release;
		};
		C352E67C1C62BB0F00E26467 /* Build configuration list for PBXProject "Vapor" */ = {
			isa = XCConfigurationList;
			buildConfigurations = (
				C352E6861C62BB0F00E26467 /* Debug */,
				C352E6871C62BB0F00E26467 /* Release */,
			);
			defaultConfigurationIsVisible = 0;
			defaultConfigurationName = Release;
		};
		C352E6941C62BB1C00E26467 /* Build configuration list for PBXNativeTarget "Tests" */ = {
			isa = XCConfigurationList;
			buildConfigurations = (
				C352E6951C62BB1C00E26467 /* Debug */,
				C352E6961C62BB1C00E26467 /* Release */,
			);
			defaultConfigurationIsVisible = 0;
			defaultConfigurationName = Release;
		};
		C387A03F1C95FE1300B6282E /* Build configuration list for PBXNativeTarget "Generator" */ = {
			isa = XCConfigurationList;
			buildConfigurations = (
				C387A0401C95FE1300B6282E /* Debug */,
				C387A0411C95FE1300B6282E /* Release */,
			);
			defaultConfigurationIsVisible = 0;
			defaultConfigurationName = Release;
		};
/* End XCConfigurationList section */
	};
	rootObject = C352E6791C62BB0F00E26467 /* Project object */;
}
